Microsoft Visual Studio Solution File, Format Version 10.00
# Visual Studio 2008
Project("{8BC9CEB8-8B4A-11D0-8D11-00A0C91BC942}") = "ALL_BUILD", "ALL_BUILD.vcproj", "{D6FD2C71-60F9-4ADD-B885-598E38FA2543}"
	ProjectSection(ProjectDependencies) = postProject
		{6CECADEF-C6B4-4A19-8A70-F30C161682C9} = {6CECADEF-C6B4-4A19-8A70-F30C161682C9}
		{408B8D10-29F5-483B-8596-31D981020D26} = {408B8D10-29F5-483B-8596-31D981020D26}
		{1FA3BF98-F704-4608-B66A-A56C265B9BA6} = {1FA3BF98-F704-4608-B66A-A56C265B9BA6}
		{313B2C91-7E38-4D3D-883E-72CAA4EFE590} = {313B2C91-7E38-4D3D-883E-72CAA4EFE590}
		{6D71BE43-A23D-4A66-B0E5-0358FCE47F45} = {6D71BE43-A23D-4A66-B0E5-0358FCE47F45}
		{9A9DC88C-3D71-41D3-B19C-5E893FF019AD} = {9A9DC88C-3D71-41D3-B19C-5E893FF019AD}
		{B2F8EFF5-E88E-4D26-B5E4-820A47276351} = {B2F8EFF5-E88E-4D26-B5E4-820A47276351}
		{BCC10DDA-47DC-49AB-B003-EA1117725F06} = {BCC10DDA-47DC-49AB-B003-EA1117725F06}
		{39AEC0B0-FF4D-4848-8BCA-4162E431FD83} = {39AEC0B0-FF4D-4848-8BCA-4162E431FD83}
		{8BD6356E-9340-4421-B6DF-811CB054368C} = {8BD6356E-9340-4421-B6DF-811CB054368C}
		{9749751C-0582-47E5-AFE0-ED7F71482F1E} = {9749751C-0582-47E5-AFE0-ED7F71482F1E}
		{5925F3AC-1FEE-4CE5-9521-59D9AD854D6B} = {5925F3AC-1FEE-4CE5-9521-59D9AD854D6B}
		{803469AC-4658-491C-8A04-9BF2A1C28B8F} = {803469AC-4658-491C-8A04-9BF2A1C28B8F}
		{6ECF3A6F-76EF-423E-BF50-74F7B773AF60} = {6ECF3A6F-76EF-423E-BF50-74F7B773AF60}
		{46E816EC-E70F-4C9D-8D7E-16F8B3D43091} = {46E816EC-E70F-4C9D-8D7E-16F8B3D43091}
		{978A37B2-6368-4605-8475-5DCDA4C97BDC} = {978A37B2-6368-4605-8475-5DCDA4C97BDC}
		{8D5E59D5-5E94-451C-BFF1-C3B5DE3F6D60} = {8D5E59D5-5E94-451C-BFF1-C3B5DE3F6D60}
		{FFD7C907-055A-4830-89A5-50F314AB8989} = {FFD7C907-055A-4830-89A5-50F314AB8989}
		{C823C225-AB8F-4A58-836D-5D102A1966E6} = {C823C225-AB8F-4A58-836D-5D102A1966E6}
		{F8DC2E3B-B70A-487F-BB0C-8458CE581C38} = {F8DC2E3B-B70A-487F-BB0C-8458CE581C38}
		{C75F4B94-123F-4CF0-9911-5A890739F748} = {C75F4B94-123F-4CF0-9911-5A890739F748}
		{EB8AE559-9DCC-4382-8D4D-87E68AF7BD6D} = {EB8AE559-9DCC-4382-8D4D-87E68AF7BD6D}
		{FEF5FCAE-1160-4325-B0D7-B563F11D0FC6} = {FEF5FCAE-1160-4325-B0D7-B563F11D0FC6}
		{5EBA9F70-93FB-4DB7-B0C4-91145F92C9C3} = {5EBA9F70-93FB-4DB7-B0C4-91145F92C9C3}
		{4190F3F9-BED0-4F1D-86FF-EB5B62087F61} = {4190F3F9-BED0-4F1D-86FF-EB5B62087F61}
		{D946090D-6CF3-473D-AA29-4CC4251856F1} = {D946090D-6CF3-473D-AA29-4CC4251856F1}
		{31866789-A4C4-4E2A-A194-2D7FFA2F81CC} = {31866789-A4C4-4E2A-A194-2D7FFA2F81CC}
		{7AFE6A9D-4FC2-4FAB-A154-3A3854878775} = {7AFE6A9D-4FC2-4FAB-A154-3A3854878775}
		{B2908451-BE00-46C1-BA9B-FF9A1F0C5AD3} = {B2908451-BE00-46C1-BA9B-FF9A1F0C5AD3}
		{477432DC-B55B-4AA8-BF09-028C76078AE3} = {477432DC-B55B-4AA8-BF09-028C76078AE3}
		{1189A357-A97E-43AB-A12F-AF7EA030D401} = {1189A357-A97E-43AB-A12F-AF7EA030D401}
		{F1EA4E33-EC44-4A0B-B6D2-448F4FDD9E97} = {F1EA4E33-EC44-4A0B-B6D2-448F4FDD9E97}
		{C151EFC0-A097-438C-9B55-6777AAB7CFAE} = {C151EFC0-A097-438C-9B55-6777AAB7CFAE}
		{F687842B-29FD-4ED6-931D-638623503810} = {F687842B-29FD-4ED6-931D-638623503810}
		{49CF5608-3EC5-4E04-BDAF-F20768083DA0} = {49CF5608-3EC5-4E04-BDAF-F20768083DA0}
		{4969EE63-6219-42A3-9CDD-FB20EDD59500} = {4969EE63-6219-42A3-9CDD-FB20EDD59500}
		{6F7292AA-651E-4A51-AB5E-C84245D79F15} = {6F7292AA-651E-4A51-AB5E-C84245D79F15}
		{43249428-445C-463E-AAF6-3CC5F33E05EF} = {43249428-445C-463E-AAF6-3CC5F33E05EF}
		{81572796-1ECE-4106-B8CF-C02F274935B7} = {81572796-1ECE-4106-B8CF-C02F274935B7}
		{A59D63CE-D4A3-4883-B885-2086A731740D} = {A59D63CE-D4A3-4883-B885-2086A731740D}
		{31020B4F-895A-40D1-B820-8408E1B1C694} = {31020B4F-895A-40D1-B820-8408E1B1C694}
		{1FE9FFAD-BEFA-4C90-8842-B3B63B515EDE} = {1FE9FFAD-BEFA-4C90-8842-B3B63B515EDE}
		{BA44C220-73FC-48D6-B2BF-C3AE99F004D7} = {BA44C220-73FC-48D6-B2BF-C3AE99F004D7}
		{0A111CE4-7081-4F1F-B79D-86BC58D6A777} = {0A111CE4-7081-4F1F-B79D-86BC58D6A777}
		{6C406D8D-B89F-4620-93FB-0EB3ED3D7AE1} = {6C406D8D-B89F-4620-93FB-0EB3ED3D7AE1}
		{8B5105A1-CEA0-49AA-BBB8-DF280C13BBA6} = {8B5105A1-CEA0-49AA-BBB8-DF280C13BBA6}
		{8F5B84FA-7F3F-4609-8231-401A9C58061C} = {8F5B84FA-7F3F-4609-8231-401A9C58061C}
		{976293DE-A7BA-43DC-98DC-90ABA18402DE} = {976293DE-A7BA-43DC-98DC-90ABA18402DE}
	EndProjectSection
EndProject
Project("{8BC9CEB8-8B4A-11D0-8D11-00A0C91BC942}") = "INSTALL", "INSTALL.vcproj", "{30903C89-A659-4323-A5B6-58F20E99FC64}"
	ProjectSection(ProjectDependencies) = postProject
		{D6FD2C71-60F9-4ADD-B885-598E38FA2543} = {D6FD2C71-60F9-4ADD-B885-598E38FA2543}
	EndProjectSection
EndProject
Project("{8BC9CEB8-8B4A-11D0-8D11-00A0C91BC942}") = "OgreMain", "OgreMain\OgreMain.vcproj", "{6CECADEF-C6B4-4A19-8A70-F30C161682C9}"
	ProjectSection(ProjectDependencies) = postProject
	EndProjectSection
EndProject
Project("{8BC9CEB8-8B4A-11D0-8D11-00A0C91BC942}") = "OgreMeshUpgrader", "Tools\MeshUpgrader\OgreMeshUpgrader.vcproj", "{408B8D10-29F5-483B-8596-31D981020D26}"
	ProjectSection(ProjectDependencies) = postProject
		{6CECADEF-C6B4-4A19-8A70-F30C161682C9} = {6CECADEF-C6B4-4A19-8A70-F30C161682C9}
	EndProjectSection
EndProject
Project("{8BC9CEB8-8B4A-11D0-8D11-00A0C91BC942}") = "OgrePaging", "Components\Paging\OgrePaging.vcproj", "{1FA3BF98-F704-4608-B66A-A56C265B9BA6}"
	ProjectSection(ProjectDependencies) = postProject
		{6CECADEF-C6B4-4A19-8A70-F30C161682C9} = {6CECADEF-C6B4-4A19-8A70-F30C161682C9}
	EndProjectSection
EndProject
Project("{8BC9CEB8-8B4A-11D0-8D11-00A0C91BC942}") = "OgreProperty", "Components\Property\OgreProperty.vcproj", "{313B2C91-7E38-4D3D-883E-72CAA4EFE590}"
	ProjectSection(ProjectDependencies) = postProject
		{6CECADEF-C6B4-4A19-8A70-F30C161682C9} = {6CECADEF-C6B4-4A19-8A70-F30C161682C9}
	EndProjectSection
EndProject
Project("{8BC9CEB8-8B4A-11D0-8D11-00A0C91BC942}") = "OgreRTShaderSystem", "Components\RTShaderSystem\OgreRTShaderSystem.vcproj", "{6D71BE43-A23D-4A66-B0E5-0358FCE47F45}"
	ProjectSection(ProjectDependencies) = postProject
		{6CECADEF-C6B4-4A19-8A70-F30C161682C9} = {6CECADEF-C6B4-4A19-8A70-F30C161682C9}
	EndProjectSection
EndProject
Project("{8BC9CEB8-8B4A-11D0-8D11-00A0C91BC942}") = "OgreTerrain", "Components\Terrain\OgreTerrain.vcproj", "{9A9DC88C-3D71-41D3-B19C-5E893FF019AD}"
	ProjectSection(ProjectDependencies) = postProject
		{6CECADEF-C6B4-4A19-8A70-F30C161682C9} = {6CECADEF-C6B4-4A19-8A70-F30C161682C9}
		{1FA3BF98-F704-4608-B66A-A56C265B9BA6} = {1FA3BF98-F704-4608-B66A-A56C265B9BA6}
	EndProjectSection
EndProject
Project("{8BC9CEB8-8B4A-11D0-8D11-00A0C91BC942}") = "OgreXMLConverter", "Tools\XMLConverter\OgreXMLConverter.vcproj", "{B2F8EFF5-E88E-4D26-B5E4-820A47276351}"
	ProjectSection(ProjectDependencies) = postProject
		{6CECADEF-C6B4-4A19-8A70-F30C161682C9} = {6CECADEF-C6B4-4A19-8A70-F30C161682C9}
	EndProjectSection
EndProject
Project("{8BC9CEB8-8B4A-11D0-8D11-00A0C91BC942}") = "PACKAGE", "PACKAGE.vcproj", "{104CE007-1F8E-461A-A84B-266AFF710E77}"
	ProjectSection(ProjectDependencies) = postProject
		{D6FD2C71-60F9-4ADD-B885-598E38FA2543} = {D6FD2C71-60F9-4ADD-B885-598E38FA2543}
	EndProjectSection
EndProject
Project("{8BC9CEB8-8B4A-11D0-8D11-00A0C91BC942}") = "Plugin_BSPSceneManager", "PlugIns\BSPSceneManager\Plugin_BSPSceneManager.vcproj", "{BCC10DDA-47DC-49AB-B003-EA1117725F06}"
	ProjectSection(ProjectDependencies) = postProject
		{6CECADEF-C6B4-4A19-8A70-F30C161682C9} = {6CECADEF-C6B4-4A19-8A70-F30C161682C9}
	EndProjectSection
EndProject
Project("{8BC9CEB8-8B4A-11D0-8D11-00A0C91BC942}") = "Plugin_CgProgramManager", "PlugIns\CgProgramManager\Plugin_CgProgramManager.vcproj", "{39AEC0B0-FF4D-4848-8BCA-4162E431FD83}"
	ProjectSection(ProjectDependencies) = postProject
		{6CECADEF-C6B4-4A19-8A70-F30C161682C9} = {6CECADEF-C6B4-4A19-8A70-F30C161682C9}
	EndProjectSection
EndProject
Project("{8BC9CEB8-8B4A-11D0-8D11-00A0C91BC942}") = "Plugin_OctreeSceneManager", "PlugIns\OctreeSceneManager\Plugin_OctreeSceneManager.vcproj", "{8BD6356E-9340-4421-B6DF-811CB054368C}"
	ProjectSection(ProjectDependencies) = postProject
		{6CECADEF-C6B4-4A19-8A70-F30C161682C9} = {6CECADEF-C6B4-4A19-8A70-F30C161682C9}
	EndProjectSection
EndProject
Project("{8BC9CEB8-8B4A-11D0-8D11-00A0C91BC942}") = "Plugin_OctreeZone", "PlugIns\OctreeZone\Plugin_OctreeZone.vcproj", "{9749751C-0582-47E5-AFE0-ED7F71482F1E}"
	ProjectSection(ProjectDependencies) = postProject
		{6CECADEF-C6B4-4A19-8A70-F30C161682C9} = {6CECADEF-C6B4-4A19-8A70-F30C161682C9}
		{5925F3AC-1FEE-4CE5-9521-59D9AD854D6B} = {5925F3AC-1FEE-4CE5-9521-59D9AD854D6B}
	EndProjectSection
EndProject
Project("{8BC9CEB8-8B4A-11D0-8D11-00A0C91BC942}") = "Plugin_PCZSceneManager", "PlugIns\PCZSceneManager\Plugin_PCZSceneManager.vcproj", "{5925F3AC-1FEE-4CE5-9521-59D9AD854D6B}"
	ProjectSection(ProjectDependencies) = postProject
		{6CECADEF-C6B4-4A19-8A70-F30C161682C9} = {6CECADEF-C6B4-4A19-8A70-F30C161682C9}
	EndProjectSection
EndProject
Project("{8BC9CEB8-8B4A-11D0-8D11-00A0C91BC942}") = "Plugin_ParticleFX", "PlugIns\ParticleFX\Plugin_ParticleFX.vcproj", "{803469AC-4658-491C-8A04-9BF2A1C28B8F}"
	ProjectSection(ProjectDependencies) = postProject
		{6CECADEF-C6B4-4A19-8A70-F30C161682C9} = {6CECADEF-C6B4-4A19-8A70-F30C161682C9}
	EndProjectSection
EndProject
Project("{8BC9CEB8-8B4A-11D0-8D11-00A0C91BC942}") = "RenderSystem_Direct3D9", "RenderSystems\Direct3D9\RenderSystem_Direct3D9.vcproj", "{6ECF3A6F-76EF-423E-BF50-74F7B773AF60}"
	ProjectSection(ProjectDependencies) = postProject
		{6CECADEF-C6B4-4A19-8A70-F30C161682C9} = {6CECADEF-C6B4-4A19-8A70-F30C161682C9}
	EndProjectSection
EndProject
Project("{8BC9CEB8-8B4A-11D0-8D11-00A0C91BC942}") = "RenderSystem_GL", "RenderSystems\GL\RenderSystem_GL.vcproj", "{46E816EC-E70F-4C9D-8D7E-16F8B3D43091}"
	ProjectSection(ProjectDependencies) = postProject
		{6CECADEF-C6B4-4A19-8A70-F30C161682C9} = {6CECADEF-C6B4-4A19-8A70-F30C161682C9}
	EndProjectSection
EndProject
Project("{8BC9CEB8-8B4A-11D0-8D11-00A0C91BC942}") = "SampleBrowser", "Samples\Browser\SampleBrowser.vcproj", "{978A37B2-6368-4605-8475-5DCDA4C97BDC}"
	ProjectSection(ProjectDependencies) = postProject
		{6CECADEF-C6B4-4A19-8A70-F30C161682C9} = {6CECADEF-C6B4-4A19-8A70-F30C161682C9}
		{1FA3BF98-F704-4608-B66A-A56C265B9BA6} = {1FA3BF98-F704-4608-B66A-A56C265B9BA6}
		{6D71BE43-A23D-4A66-B0E5-0358FCE47F45} = {6D71BE43-A23D-4A66-B0E5-0358FCE47F45}
		{9A9DC88C-3D71-41D3-B19C-5E893FF019AD} = {9A9DC88C-3D71-41D3-B19C-5E893FF019AD}
		{BCC10DDA-47DC-49AB-B003-EA1117725F06} = {BCC10DDA-47DC-49AB-B003-EA1117725F06}
		{39AEC0B0-FF4D-4848-8BCA-4162E431FD83} = {39AEC0B0-FF4D-4848-8BCA-4162E431FD83}
		{8BD6356E-9340-4421-B6DF-811CB054368C} = {8BD6356E-9340-4421-B6DF-811CB054368C}
		{9749751C-0582-47E5-AFE0-ED7F71482F1E} = {9749751C-0582-47E5-AFE0-ED7F71482F1E}
		{5925F3AC-1FEE-4CE5-9521-59D9AD854D6B} = {5925F3AC-1FEE-4CE5-9521-59D9AD854D6B}
		{803469AC-4658-491C-8A04-9BF2A1C28B8F} = {803469AC-4658-491C-8A04-9BF2A1C28B8F}
		{6ECF3A6F-76EF-423E-BF50-74F7B773AF60} = {6ECF3A6F-76EF-423E-BF50-74F7B773AF60}
		{46E816EC-E70F-4C9D-8D7E-16F8B3D43091} = {46E816EC-E70F-4C9D-8D7E-16F8B3D43091}
		{8D5E59D5-5E94-451C-BFF1-C3B5DE3F6D60} = {8D5E59D5-5E94-451C-BFF1-C3B5DE3F6D60}
		{FFD7C907-055A-4830-89A5-50F314AB8989} = {FFD7C907-055A-4830-89A5-50F314AB8989}
		{C823C225-AB8F-4A58-836D-5D102A1966E6} = {C823C225-AB8F-4A58-836D-5D102A1966E6}
		{F8DC2E3B-B70A-487F-BB0C-8458CE581C38} = {F8DC2E3B-B70A-487F-BB0C-8458CE581C38}
		{C75F4B94-123F-4CF0-9911-5A890739F748} = {C75F4B94-123F-4CF0-9911-5A890739F748}
		{EB8AE559-9DCC-4382-8D4D-87E68AF7BD6D} = {EB8AE559-9DCC-4382-8D4D-87E68AF7BD6D}
		{FEF5FCAE-1160-4325-B0D7-B563F11D0FC6} = {FEF5FCAE-1160-4325-B0D7-B563F11D0FC6}
		{5EBA9F70-93FB-4DB7-B0C4-91145F92C9C3} = {5EBA9F70-93FB-4DB7-B0C4-91145F92C9C3}
		{4190F3F9-BED0-4F1D-86FF-EB5B62087F61} = {4190F3F9-BED0-4F1D-86FF-EB5B62087F61}
		{D946090D-6CF3-473D-AA29-4CC4251856F1} = {D946090D-6CF3-473D-AA29-4CC4251856F1}
		{31866789-A4C4-4E2A-A194-2D7FFA2F81CC} = {31866789-A4C4-4E2A-A194-2D7FFA2F81CC}
		{7AFE6A9D-4FC2-4FAB-A154-3A3854878775} = {7AFE6A9D-4FC2-4FAB-A154-3A3854878775}
		{B2908451-BE00-46C1-BA9B-FF9A1F0C5AD3} = {B2908451-BE00-46C1-BA9B-FF9A1F0C5AD3}
		{477432DC-B55B-4AA8-BF09-028C76078AE3} = {477432DC-B55B-4AA8-BF09-028C76078AE3}
		{1189A357-A97E-43AB-A12F-AF7EA030D401} = {1189A357-A97E-43AB-A12F-AF7EA030D401}
		{F1EA4E33-EC44-4A0B-B6D2-448F4FDD9E97} = {F1EA4E33-EC44-4A0B-B6D2-448F4FDD9E97}
		{C151EFC0-A097-438C-9B55-6777AAB7CFAE} = {C151EFC0-A097-438C-9B55-6777AAB7CFAE}
		{F687842B-29FD-4ED6-931D-638623503810} = {F687842B-29FD-4ED6-931D-638623503810}
		{49CF5608-3EC5-4E04-BDAF-F20768083DA0} = {49CF5608-3EC5-4E04-BDAF-F20768083DA0}
		{4969EE63-6219-42A3-9CDD-FB20EDD59500} = {4969EE63-6219-42A3-9CDD-FB20EDD59500}
		{6F7292AA-651E-4A51-AB5E-C84245D79F15} = {6F7292AA-651E-4A51-AB5E-C84245D79F15}
		{43249428-445C-463E-AAF6-3CC5F33E05EF} = {43249428-445C-463E-AAF6-3CC5F33E05EF}
		{81572796-1ECE-4106-B8CF-C02F274935B7} = {81572796-1ECE-4106-B8CF-C02F274935B7}
		{A59D63CE-D4A3-4883-B885-2086A731740D} = {A59D63CE-D4A3-4883-B885-2086A731740D}
		{31020B4F-895A-40D1-B820-8408E1B1C694} = {31020B4F-895A-40D1-B820-8408E1B1C694}
		{1FE9FFAD-BEFA-4C90-8842-B3B63B515EDE} = {1FE9FFAD-BEFA-4C90-8842-B3B63B515EDE}
		{BA44C220-73FC-48D6-B2BF-C3AE99F004D7} = {BA44C220-73FC-48D6-B2BF-C3AE99F004D7}
		{0A111CE4-7081-4F1F-B79D-86BC58D6A777} = {0A111CE4-7081-4F1F-B79D-86BC58D6A777}
		{6C406D8D-B89F-4620-93FB-0EB3ED3D7AE1} = {6C406D8D-B89F-4620-93FB-0EB3ED3D7AE1}
		{8B5105A1-CEA0-49AA-BBB8-DF280C13BBA6} = {8B5105A1-CEA0-49AA-BBB8-DF280C13BBA6}
		{8F5B84FA-7F3F-4609-8231-401A9C58061C} = {8F5B84FA-7F3F-4609-8231-401A9C58061C}
		{976293DE-A7BA-43DC-98DC-90ABA18402DE} = {976293DE-A7BA-43DC-98DC-90ABA18402DE}
	EndProjectSection
EndProject
Project("{8BC9CEB8-8B4A-11D0-8D11-00A0C91BC942}") = "Sample_BSP", "Samples\BSP\Sample_BSP.vcproj", "{8D5E59D5-5E94-451C-BFF1-C3B5DE3F6D60}"
	ProjectSection(ProjectDependencies) = postProject
		{6CECADEF-C6B4-4A19-8A70-F30C161682C9} = {6CECADEF-C6B4-4A19-8A70-F30C161682C9}
		{6D71BE43-A23D-4A66-B0E5-0358FCE47F45} = {6D71BE43-A23D-4A66-B0E5-0358FCE47F45}
	EndProjectSection
EndProject
Project("{8BC9CEB8-8B4A-11D0-8D11-00A0C91BC942}") = "Sample_BezierPatch", "Samples\BezierPatch\Sample_BezierPatch.vcproj", "{FFD7C907-055A-4830-89A5-50F314AB8989}"
	ProjectSection(ProjectDependencies) = postProject
		{6CECADEF-C6B4-4A19-8A70-F30C161682C9} = {6CECADEF-C6B4-4A19-8A70-F30C161682C9}
		{6D71BE43-A23D-4A66-B0E5-0358FCE47F45} = {6D71BE43-A23D-4A66-B0E5-0358FCE47F45}
	EndProjectSection
EndProject
Project("{8BC9CEB8-8B4A-11D0-8D11-00A0C91BC942}") = "Sample_CameraTrack", "Samples\CameraTrack\Sample_CameraTrack.vcproj", "{C823C225-AB8F-4A58-836D-5D102A1966E6}"
	ProjectSection(ProjectDependencies) = postProject
		{6CECADEF-C6B4-4A19-8A70-F30C161682C9} = {6CECADEF-C6B4-4A19-8A70-F30C161682C9}
		{6D71BE43-A23D-4A66-B0E5-0358FCE47F45} = {6D71BE43-A23D-4A66-B0E5-0358FCE47F45}
	EndProjectSection
EndProject
Project("{8BC9CEB8-8B4A-11D0-8D11-00A0C91BC942}") = "Sample_CelShading", "Samples\CelShading\Sample_CelShading.vcproj", "{F8DC2E3B-B70A-487F-BB0C-8458CE581C38}"
	ProjectSection(ProjectDependencies) = postProject
		{6CECADEF-C6B4-4A19-8A70-F30C161682C9} = {6CECADEF-C6B4-4A19-8A70-F30C161682C9}
		{6D71BE43-A23D-4A66-B0E5-0358FCE47F45} = {6D71BE43-A23D-4A66-B0E5-0358FCE47F45}
	EndProjectSection
EndProject
Project("{8BC9CEB8-8B4A-11D0-8D11-00A0C91BC942}") = "Sample_Character", "Samples\Character\Sample_Character.vcproj", "{C75F4B94-123F-4CF0-9911-5A890739F748}"
	ProjectSection(ProjectDependencies) = postProject
		{6CECADEF-C6B4-4A19-8A70-F30C161682C9} = {6CECADEF-C6B4-4A19-8A70-F30C161682C9}
		{6D71BE43-A23D-4A66-B0E5-0358FCE47F45} = {6D71BE43-A23D-4A66-B0E5-0358FCE47F45}
	EndProjectSection
EndProject
Project("{8BC9CEB8-8B4A-11D0-8D11-00A0C91BC942}") = "Sample_Compositor", "Samples\Compositor\Sample_Compositor.vcproj", "{EB8AE559-9DCC-4382-8D4D-87E68AF7BD6D}"
	ProjectSection(ProjectDependencies) = postProject
		{6CECADEF-C6B4-4A19-8A70-F30C161682C9} = {6CECADEF-C6B4-4A19-8A70-F30C161682C9}
		{6D71BE43-A23D-4A66-B0E5-0358FCE47F45} = {6D71BE43-A23D-4A66-B0E5-0358FCE47F45}
	EndProjectSection
EndProject
Project("{8BC9CEB8-8B4A-11D0-8D11-00A0C91BC942}") = "Sample_CubeMapping", "Samples\CubeMapping\Sample_CubeMapping.vcproj", "{FEF5FCAE-1160-4325-B0D7-B563F11D0FC6}"
	ProjectSection(ProjectDependencies) = postProject
		{6CECADEF-C6B4-4A19-8A70-F30C161682C9} = {6CECADEF-C6B4-4A19-8A70-F30C161682C9}
		{6D71BE43-A23D-4A66-B0E5-0358FCE47F45} = {6D71BE43-A23D-4A66-B0E5-0358FCE47F45}
	EndProjectSection
EndProject
Project("{8BC9CEB8-8B4A-11D0-8D11-00A0C91BC942}") = "Sample_DeferredShading", "Samples\DeferredShading\Sample_DeferredShading.vcproj", "{5EBA9F70-93FB-4DB7-B0C4-91145F92C9C3}"
	ProjectSection(ProjectDependencies) = postProject
		{6CECADEF-C6B4-4A19-8A70-F30C161682C9} = {6CECADEF-C6B4-4A19-8A70-F30C161682C9}
		{6D71BE43-A23D-4A66-B0E5-0358FCE47F45} = {6D71BE43-A23D-4A66-B0E5-0358FCE47F45}
	EndProjectSection
EndProject
Project("{8BC9CEB8-8B4A-11D0-8D11-00A0C91BC942}") = "Sample_Dot3Bump", "Samples\Dot3Bump\Sample_Dot3Bump.vcproj", "{4190F3F9-BED0-4F1D-86FF-EB5B62087F61}"
	ProjectSection(ProjectDependencies) = postProject
		{6CECADEF-C6B4-4A19-8A70-F30C161682C9} = {6CECADEF-C6B4-4A19-8A70-F30C161682C9}
		{6D71BE43-A23D-4A66-B0E5-0358FCE47F45} = {6D71BE43-A23D-4A66-B0E5-0358FCE47F45}
	EndProjectSection
EndProject
Project("{8BC9CEB8-8B4A-11D0-8D11-00A0C91BC942}") = "Sample_DynTex", "Samples\DynTex\Sample_DynTex.vcproj", "{D946090D-6CF3-473D-AA29-4CC4251856F1}"
	ProjectSection(ProjectDependencies) = postProject
		{6CECADEF-C6B4-4A19-8A70-F30C161682C9} = {6CECADEF-C6B4-4A19-8A70-F30C161682C9}
		{6D71BE43-A23D-4A66-B0E5-0358FCE47F45} = {6D71BE43-A23D-4A66-B0E5-0358FCE47F45}
	EndProjectSection
EndProject
Project("{8BC9CEB8-8B4A-11D0-8D11-00A0C91BC942}") = "Sample_FacialAnimation", "Samples\FacialAnimation\Sample_FacialAnimation.vcproj", "{31866789-A4C4-4E2A-A194-2D7FFA2F81CC}"
	ProjectSection(ProjectDependencies) = postProject
		{6CECADEF-C6B4-4A19-8A70-F30C161682C9} = {6CECADEF-C6B4-4A19-8A70-F30C161682C9}
		{6D71BE43-A23D-4A66-B0E5-0358FCE47F45} = {6D71BE43-A23D-4A66-B0E5-0358FCE47F45}
	EndProjectSection
EndProject
Project("{8BC9CEB8-8B4A-11D0-8D11-00A0C91BC942}") = "Sample_Fresnel", "Samples\Fresnel\Sample_Fresnel.vcproj", "{7AFE6A9D-4FC2-4FAB-A154-3A3854878775}"
	ProjectSection(ProjectDependencies) = postProject
		{6CECADEF-C6B4-4A19-8A70-F30C161682C9} = {6CECADEF-C6B4-4A19-8A70-F30C161682C9}
		{6D71BE43-A23D-4A66-B0E5-0358FCE47F45} = {6D71BE43-A23D-4A66-B0E5-0358FCE47F45}
	EndProjectSection
EndProject
Project("{8BC9CEB8-8B4A-11D0-8D11-00A0C91BC942}") = "Sample_Grass", "Samples\Grass\Sample_Grass.vcproj", "{B2908451-BE00-46C1-BA9B-FF9A1F0C5AD3}"
	ProjectSection(ProjectDependencies) = postProject
		{6CECADEF-C6B4-4A19-8A70-F30C161682C9} = {6CECADEF-C6B4-4A19-8A70-F30C161682C9}
		{6D71BE43-A23D-4A66-B0E5-0358FCE47F45} = {6D71BE43-A23D-4A66-B0E5-0358FCE47F45}
	EndProjectSection
EndProject
Project("{8BC9CEB8-8B4A-11D0-8D11-00A0C91BC942}") = "Sample_Instancing", "Samples\Instancing\Sample_Instancing.vcproj", "{477432DC-B55B-4AA8-BF09-028C76078AE3}"
	ProjectSection(ProjectDependencies) = postProject
		{6CECADEF-C6B4-4A19-8A70-F30C161682C9} = {6CECADEF-C6B4-4A19-8A70-F30C161682C9}
		{6D71BE43-A23D-4A66-B0E5-0358FCE47F45} = {6D71BE43-A23D-4A66-B0E5-0358FCE47F45}
	EndProjectSection
EndProject
Project("{8BC9CEB8-8B4A-11D0-8D11-00A0C91BC942}") = "Sample_Isosurf", "Samples\Isosurf\Sample_Isosurf.vcproj", "{1189A357-A97E-43AB-A12F-AF7EA030D401}"
	ProjectSection(ProjectDependencies) = postProject
		{6CECADEF-C6B4-4A19-8A70-F30C161682C9} = {6CECADEF-C6B4-4A19-8A70-F30C161682C9}
		{6D71BE43-A23D-4A66-B0E5-0358FCE47F45} = {6D71BE43-A23D-4A66-B0E5-0358FCE47F45}
	EndProjectSection
EndProject
Project("{8BC9CEB8-8B4A-11D0-8D11-00A0C91BC942}") = "Sample_Lighting", "Samples\Lighting\Sample_Lighting.vcproj", "{F1EA4E33-EC44-4A0B-B6D2-448F4FDD9E97}"
	ProjectSection(ProjectDependencies) = postProject
		{6CECADEF-C6B4-4A19-8A70-F30C161682C9} = {6CECADEF-C6B4-4A19-8A70-F30C161682C9}
		{6D71BE43-A23D-4A66-B0E5-0358FCE47F45} = {6D71BE43-A23D-4A66-B0E5-0358FCE47F45}
	EndProjectSection
EndProject
Project("{8BC9CEB8-8B4A-11D0-8D11-00A0C91BC942}") = "Sample_Ocean", "Samples\OceanDemo\Sample_Ocean.vcproj", "{C151EFC0-A097-438C-9B55-6777AAB7CFAE}"
	ProjectSection(ProjectDependencies) = postProject
		{6CECADEF-C6B4-4A19-8A70-F30C161682C9} = {6CECADEF-C6B4-4A19-8A70-F30C161682C9}
		{6D71BE43-A23D-4A66-B0E5-0358FCE47F45} = {6D71BE43-A23D-4A66-B0E5-0358FCE47F45}
	EndProjectSection
EndProject
Project("{8BC9CEB8-8B4A-11D0-8D11-00A0C91BC942}") = "Sample_ParticleFX", "Samples\ParticleFX\Sample_ParticleFX.vcproj", "{F687842B-29FD-4ED6-931D-638623503810}"
	ProjectSection(ProjectDependencies) = postProject
		{6CECADEF-C6B4-4A19-8A70-F30C161682C9} = {6CECADEF-C6B4-4A19-8A70-F30C161682C9}
		{6D71BE43-A23D-4A66-B0E5-0358FCE47F45} = {6D71BE43-A23D-4A66-B0E5-0358FCE47F45}
	EndProjectSection
EndProject
Project("{8BC9CEB8-8B4A-11D0-8D11-00A0C91BC942}") = "Sample_ParticleGS", "Samples\ParticleGS\Sample_ParticleGS.vcproj", "{49CF5608-3EC5-4E04-BDAF-F20768083DA0}"
	ProjectSection(ProjectDependencies) = postProject
		{6CECADEF-C6B4-4A19-8A70-F30C161682C9} = {6CECADEF-C6B4-4A19-8A70-F30C161682C9}
		{6D71BE43-A23D-4A66-B0E5-0358FCE47F45} = {6D71BE43-A23D-4A66-B0E5-0358FCE47F45}
	EndProjectSection
EndProject
Project("{8BC9CEB8-8B4A-11D0-8D11-00A0C91BC942}") = "Sample_ShaderSystem", "Samples\ShaderSystem\Sample_ShaderSystem.vcproj", "{4969EE63-6219-42A3-9CDD-FB20EDD59500}"
	ProjectSection(ProjectDependencies) = postProject
		{6CECADEF-C6B4-4A19-8A70-F30C161682C9} = {6CECADEF-C6B4-4A19-8A70-F30C161682C9}
		{6D71BE43-A23D-4A66-B0E5-0358FCE47F45} = {6D71BE43-A23D-4A66-B0E5-0358FCE47F45}
	EndProjectSection
EndProject
Project("{8BC9CEB8-8B4A-11D0-8D11-00A0C91BC942}") = "Sample_Shadows", "Samples\Shadows\Sample_Shadows.vcproj", "{6F7292AA-651E-4A51-AB5E-C84245D79F15}"
	ProjectSection(ProjectDependencies) = postProject
		{6CECADEF-C6B4-4A19-8A70-F30C161682C9} = {6CECADEF-C6B4-4A19-8A70-F30C161682C9}
		{6D71BE43-A23D-4A66-B0E5-0358FCE47F45} = {6D71BE43-A23D-4A66-B0E5-0358FCE47F45}
	EndProjectSection
EndProject
Project("{8BC9CEB8-8B4A-11D0-8D11-00A0C91BC942}") = "Sample_SkeletalAnimation", "Samples\SkeletalAnimation\Sample_SkeletalAnimation.vcproj", "{43249428-445C-463E-AAF6-3CC5F33E05EF}"
	ProjectSection(ProjectDependencies) = postProject
		{6CECADEF-C6B4-4A19-8A70-F30C161682C9} = {6CECADEF-C6B4-4A19-8A70-F30C161682C9}
		{6D71BE43-A23D-4A66-B0E5-0358FCE47F45} = {6D71BE43-A23D-4A66-B0E5-0358FCE47F45}
	EndProjectSection
EndProject
Project("{8BC9CEB8-8B4A-11D0-8D11-00A0C91BC942}") = "Sample_SkyBox", "Samples\SkyBox\Sample_SkyBox.vcproj", "{81572796-1ECE-4106-B8CF-C02F274935B7}"
	ProjectSection(ProjectDependencies) = postProject
		{6CECADEF-C6B4-4A19-8A70-F30C161682C9} = {6CECADEF-C6B4-4A19-8A70-F30C161682C9}
		{6D71BE43-A23D-4A66-B0E5-0358FCE47F45} = {6D71BE43-A23D-4A66-B0E5-0358FCE47F45}
	EndProjectSection
EndProject
Project("{8BC9CEB8-8B4A-11D0-8D11-00A0C91BC942}") = "Sample_SkyDome", "Samples\SkyDome\Sample_SkyDome.vcproj", "{A59D63CE-D4A3-4883-B885-2086A731740D}"
	ProjectSection(ProjectDependencies) = postProject
		{6CECADEF-C6B4-4A19-8A70-F30C161682C9} = {6CECADEF-C6B4-4A19-8A70-F30C161682C9}
		{6D71BE43-A23D-4A66-B0E5-0358FCE47F45} = {6D71BE43-A23D-4A66-B0E5-0358FCE47F45}
	EndProjectSection
EndProject
Project("{8BC9CEB8-8B4A-11D0-8D11-00A0C91BC942}") = "Sample_SkyPlane", "Samples\SkyPlane\Sample_SkyPlane.vcproj", "{31020B4F-895A-40D1-B820-8408E1B1C694}"
	ProjectSection(ProjectDependencies) = postProject
		{6CECADEF-C6B4-4A19-8A70-F30C161682C9} = {6CECADEF-C6B4-4A19-8A70-F30C161682C9}
		{6D71BE43-A23D-4A66-B0E5-0358FCE47F45} = {6D71BE43-A23D-4A66-B0E5-0358FCE47F45}
	EndProjectSection
EndProject
Project("{8BC9CEB8-8B4A-11D0-8D11-00A0C91BC942}") = "Sample_Smoke", "Samples\Smoke\Sample_Smoke.vcproj", "{1FE9FFAD-BEFA-4C90-8842-B3B63B515EDE}"
	ProjectSection(ProjectDependencies) = postProject
		{6CECADEF-C6B4-4A19-8A70-F30C161682C9} = {6CECADEF-C6B4-4A19-8A70-F30C161682C9}
		{6D71BE43-A23D-4A66-B0E5-0358FCE47F45} = {6D71BE43-A23D-4A66-B0E5-0358FCE47F45}
	EndProjectSection
EndProject
Project("{8BC9CEB8-8B4A-11D0-8D11-00A0C91BC942}") = "Sample_SphereMapping", "Samples\SphereMapping\Sample_SphereMapping.vcproj", "{BA44C220-73FC-48D6-B2BF-C3AE99F004D7}"
	ProjectSection(ProjectDependencies) = postProject
		{6CECADEF-C6B4-4A19-8A70-F30C161682C9} = {6CECADEF-C6B4-4A19-8A70-F30C161682C9}
		{6D71BE43-A23D-4A66-B0E5-0358FCE47F45} = {6D71BE43-A23D-4A66-B0E5-0358FCE47F45}
	EndProjectSection
EndProject
Project("{8BC9CEB8-8B4A-11D0-8D11-00A0C91BC942}") = "Sample_Terrain", "Samples\Terrain\Sample_Terrain.vcproj", "{0A111CE4-7081-4F1F-B79D-86BC58D6A777}"
	ProjectSection(ProjectDependencies) = postProject
		{6CECADEF-C6B4-4A19-8A70-F30C161682C9} = {6CECADEF-C6B4-4A19-8A70-F30C161682C9}
		{1FA3BF98-F704-4608-B66A-A56C265B9BA6} = {1FA3BF98-F704-4608-B66A-A56C265B9BA6}
		{6D71BE43-A23D-4A66-B0E5-0358FCE47F45} = {6D71BE43-A23D-4A66-B0E5-0358FCE47F45}
		{9A9DC88C-3D71-41D3-B19C-5E893FF019AD} = {9A9DC88C-3D71-41D3-B19C-5E893FF019AD}
	EndProjectSection
EndProject
Project("{8BC9CEB8-8B4A-11D0-8D11-00A0C91BC942}") = "Sample_TextureFX", "Samples\TextureFX\Sample_TextureFX.vcproj", "{6C406D8D-B89F-4620-93FB-0EB3ED3D7AE1}"
	ProjectSection(ProjectDependencies) = postProject
		{6CECADEF-C6B4-4A19-8A70-F30C161682C9} = {6CECADEF-C6B4-4A19-8A70-F30C161682C9}
		{6D71BE43-A23D-4A66-B0E5-0358FCE47F45} = {6D71BE43-A23D-4A66-B0E5-0358FCE47F45}
	EndProjectSection
EndProject
Project("{8BC9CEB8-8B4A-11D0-8D11-00A0C91BC942}") = "Sample_Transparency", "Samples\Transparency\Sample_Transparency.vcproj", "{8B5105A1-CEA0-49AA-BBB8-DF280C13BBA6}"
	ProjectSection(ProjectDependencies) = postProject
		{6CECADEF-C6B4-4A19-8A70-F30C161682C9} = {6CECADEF-C6B4-4A19-8A70-F30C161682C9}
		{6D71BE43-A23D-4A66-B0E5-0358FCE47F45} = {6D71BE43-A23D-4A66-B0E5-0358FCE47F45}
	EndProjectSection
EndProject
Project("{8BC9CEB8-8B4A-11D0-8D11-00A0C91BC942}") = "Sample_VolumeTex", "Samples\VolumeTex\Sample_VolumeTex.vcproj", "{8F5B84FA-7F3F-4609-8231-401A9C58061C}"
	ProjectSection(ProjectDependencies) = postProject
		{6CECADEF-C6B4-4A19-8A70-F30C161682C9} = {6CECADEF-C6B4-4A19-8A70-F30C161682C9}
		{6D71BE43-A23D-4A66-B0E5-0358FCE47F45} = {6D71BE43-A23D-4A66-B0E5-0358FCE47F45}
	EndProjectSection
EndProject
Project("{8BC9CEB8-8B4A-11D0-8D11-00A0C91BC942}") = "Sample_Water", "Samples\Water\Sample_Water.vcproj", "{976293DE-A7BA-43DC-98DC-90ABA18402DE}"
	ProjectSection(ProjectDependencies) = postProject
		{6CECADEF-C6B4-4A19-8A70-F30C161682C9} = {6CECADEF-C6B4-4A19-8A70-F30C161682C9}
		{6D71BE43-A23D-4A66-B0E5-0358FCE47F45} = {6D71BE43-A23D-4A66-B0E5-0358FCE47F45}
	EndProjectSection
EndProject
Global
	GlobalSection(SolutionConfigurationPlatforms) = preSolution
		Debug|Win32 = Debug|Win32
		Release|Win32 = Release|Win32
		MinSizeRel|Win32 = MinSizeRel|Win32
		RelWithDebInfo|Win32 = RelWithDebInfo|Win32
	EndGlobalSection
	GlobalSection(ProjectConfigurationPlatforms) = postSolution
		{D6FD2C71-60F9-4ADD-B885-598E38FA2543}.Debug|Win32.ActiveCfg = Debug|Win32
		{D6FD2C71-60F9-4ADD-B885-598E38FA2543}.Debug|Win32.Build.0 = Debug|Win32
		{D6FD2C71-60F9-4ADD-B885-598E38FA2543}.Release|Win32.ActiveCfg = Release|Win32
		{D6FD2C71-60F9-4ADD-B885-598E38FA2543}.Release|Win32.Build.0 = Release|Win32
		{D6FD2C71-60F9-4ADD-B885-598E38FA2543}.MinSizeRel|Win32.ActiveCfg = MinSizeRel|Win32
		{D6FD2C71-60F9-4ADD-B885-598E38FA2543}.MinSizeRel|Win32.Build.0 = MinSizeRel|Win32
		{D6FD2C71-60F9-4ADD-B885-598E38FA2543}.RelWithDebInfo|Win32.ActiveCfg = RelWithDebInfo|Win32
		{D6FD2C71-60F9-4ADD-B885-598E38FA2543}.RelWithDebInfo|Win32.Build.0 = RelWithDebInfo|Win32
		{30903C89-A659-4323-A5B6-58F20E99FC64}.Debug|Win32.ActiveCfg = Debug|Win32
		{30903C89-A659-4323-A5B6-58F20E99FC64}.Release|Win32.ActiveCfg = Release|Win32
		{30903C89-A659-4323-A5B6-58F20E99FC64}.MinSizeRel|Win32.ActiveCfg = MinSizeRel|Win32
		{30903C89-A659-4323-A5B6-58F20E99FC64}.RelWithDebInfo|Win32.ActiveCfg = RelWithDebInfo|Win32
		{6CECADEF-C6B4-4A19-8A70-F30C161682C9}.Debug|Win32.ActiveCfg = Debug|Win32
		{6CECADEF-C6B4-4A19-8A70-F30C161682C9}.Debug|Win32.Build.0 = Debug|Win32
		{6CECADEF-C6B4-4A19-8A70-F30C161682C9}.Release|Win32.ActiveCfg = Release|Win32
		{6CECADEF-C6B4-4A19-8A70-F30C161682C9}.Release|Win32.Build.0 = Release|Win32
		{6CECADEF-C6B4-4A19-8A70-F30C161682C9}.MinSizeRel|Win32.ActiveCfg = MinSizeRel|Win32
		{6CECADEF-C6B4-4A19-8A70-F30C161682C9}.MinSizeRel|Win32.Build.0 = MinSizeRel|Win32
		{6CECADEF-C6B4-4A19-8A70-F30C161682C9}.RelWithDebInfo|Win32.ActiveCfg = RelWithDebInfo|Win32
		{6CECADEF-C6B4-4A19-8A70-F30C161682C9}.RelWithDebInfo|Win32.Build.0 = RelWithDebInfo|Win32
		{408B8D10-29F5-483B-8596-31D981020D26}.Debug|Win32.ActiveCfg = Debug|Win32
		{408B8D10-29F5-483B-8596-31D981020D26}.Debug|Win32.Build.0 = Debug|Win32
		{408B8D10-29F5-483B-8596-31D981020D26}.Release|Win32.ActiveCfg = Release|Win32
		{408B8D10-29F5-483B-8596-31D981020D26}.Release|Win32.Build.0 = Release|Win32
		{408B8D10-29F5-483B-8596-31D981020D26}.MinSizeRel|Win32.ActiveCfg = MinSizeRel|Win32
		{408B8D10-29F5-483B-8596-31D981020D26}.MinSizeRel|Win32.Build.0 = MinSizeRel|Win32
		{408B8D10-29F5-483B-8596-31D981020D26}.RelWithDebInfo|Win32.ActiveCfg = RelWithDebInfo|Win32
		{408B8D10-29F5-483B-8596-31D981020D26}.RelWithDebInfo|Win32.Build.0 = RelWithDebInfo|Win32
		{1FA3BF98-F704-4608-B66A-A56C265B9BA6}.Debug|Win32.ActiveCfg = Debug|Win32
		{1FA3BF98-F704-4608-B66A-A56C265B9BA6}.Debug|Win32.Build.0 = Debug|Win32
		{1FA3BF98-F704-4608-B66A-A56C265B9BA6}.Release|Win32.ActiveCfg = Release|Win32
		{1FA3BF98-F704-4608-B66A-A56C265B9BA6}.Release|Win32.Build.0 = Release|Win32
		{1FA3BF98-F704-4608-B66A-A56C265B9BA6}.MinSizeRel|Win32.ActiveCfg = MinSizeRel|Win32
		{1FA3BF98-F704-4608-B66A-A56C265B9BA6}.MinSizeRel|Win32.Build.0 = MinSizeRel|Win32
		{1FA3BF98-F704-4608-B66A-A56C265B9BA6}.RelWithDebInfo|Win32.ActiveCfg = RelWithDebInfo|Win32
		{1FA3BF98-F704-4608-B66A-A56C265B9BA6}.RelWithDebInfo|Win32.Build.0 = RelWithDebInfo|Win32
		{313B2C91-7E38-4D3D-883E-72CAA4EFE590}.Debug|Win32.ActiveCfg = Debug|Win32
		{313B2C91-7E38-4D3D-883E-72CAA4EFE590}.Debug|Win32.Build.0 = Debug|Win32
		{313B2C91-7E38-4D3D-883E-72CAA4EFE590}.Release|Win32.ActiveCfg = Release|Win32
		{313B2C91-7E38-4D3D-883E-72CAA4EFE590}.Release|Win32.Build.0 = Release|Win32
		{313B2C91-7E38-4D3D-883E-72CAA4EFE590}.MinSizeRel|Win32.ActiveCfg = MinSizeRel|Win32
		{313B2C91-7E38-4D3D-883E-72CAA4EFE590}.MinSizeRel|Win32.Build.0 = MinSizeRel|Win32
		{313B2C91-7E38-4D3D-883E-72CAA4EFE590}.RelWithDebInfo|Win32.ActiveCfg = RelWithDebInfo|Win32
		{313B2C91-7E38-4D3D-883E-72CAA4EFE590}.RelWithDebInfo|Win32.Build.0 = RelWithDebInfo|Win32
		{6D71BE43-A23D-4A66-B0E5-0358FCE47F45}.Debug|Win32.ActiveCfg = Debug|Win32
		{6D71BE43-A23D-4A66-B0E5-0358FCE47F45}.Debug|Win32.Build.0 = Debug|Win32
		{6D71BE43-A23D-4A66-B0E5-0358FCE47F45}.Release|Win32.ActiveCfg = Release|Win32
		{6D71BE43-A23D-4A66-B0E5-0358FCE47F45}.Release|Win32.Build.0 = Release|Win32
		{6D71BE43-A23D-4A66-B0E5-0358FCE47F45}.MinSizeRel|Win32.ActiveCfg = MinSizeRel|Win32
		{6D71BE43-A23D-4A66-B0E5-0358FCE47F45}.MinSizeRel|Win32.Build.0 = MinSizeRel|Win32
		{6D71BE43-A23D-4A66-B0E5-0358FCE47F45}.RelWithDebInfo|Win32.ActiveCfg = RelWithDebInfo|Win32
		{6D71BE43-A23D-4A66-B0E5-0358FCE47F45}.RelWithDebInfo|Win32.Build.0 = RelWithDebInfo|Win32
		{9A9DC88C-3D71-41D3-B19C-5E893FF019AD}.Debug|Win32.ActiveCfg = Debug|Win32
		{9A9DC88C-3D71-41D3-B19C-5E893FF019AD}.Debug|Win32.Build.0 = Debug|Win32
		{9A9DC88C-3D71-41D3-B19C-5E893FF019AD}.Release|Win32.ActiveCfg = Release|Win32
		{9A9DC88C-3D71-41D3-B19C-5E893FF019AD}.Release|Win32.Build.0 = Release|Win32
		{9A9DC88C-3D71-41D3-B19C-5E893FF019AD}.MinSizeRel|Win32.ActiveCfg = MinSizeRel|Win32
		{9A9DC88C-3D71-41D3-B19C-5E893FF019AD}.MinSizeRel|Win32.Build.0 = MinSizeRel|Win32
		{9A9DC88C-3D71-41D3-B19C-5E893FF019AD}.RelWithDebInfo|Win32.ActiveCfg = RelWithDebInfo|Win32
		{9A9DC88C-3D71-41D3-B19C-5E893FF019AD}.RelWithDebInfo|Win32.Build.0 = RelWithDebInfo|Win32
		{B2F8EFF5-E88E-4D26-B5E4-820A47276351}.Debug|Win32.ActiveCfg = Debug|Win32
		{B2F8EFF5-E88E-4D26-B5E4-820A47276351}.Debug|Win32.Build.0 = Debug|Win32
		{B2F8EFF5-E88E-4D26-B5E4-820A47276351}.Release|Win32.ActiveCfg = Release|Win32
		{B2F8EFF5-E88E-4D26-B5E4-820A47276351}.Release|Win32.Build.0 = Release|Win32
		{B2F8EFF5-E88E-4D26-B5E4-820A47276351}.MinSizeRel|Win32.ActiveCfg = MinSizeRel|Win32
		{B2F8EFF5-E88E-4D26-B5E4-820A47276351}.MinSizeRel|Win32.Build.0 = MinSizeRel|Win32
		{B2F8EFF5-E88E-4D26-B5E4-820A47276351}.RelWithDebInfo|Win32.ActiveCfg = RelWithDebInfo|Win32
		{B2F8EFF5-E88E-4D26-B5E4-820A47276351}.RelWithDebInfo|Win32.Build.0 = RelWithDebInfo|Win32
		{104CE007-1F8E-461A-A84B-266AFF710E77}.Debug|Win32.ActiveCfg = Debug|Win32
		{104CE007-1F8E-461A-A84B-266AFF710E77}.Release|Win32.ActiveCfg = Release|Win32
		{104CE007-1F8E-461A-A84B-266AFF710E77}.MinSizeRel|Win32.ActiveCfg = MinSizeRel|Win32
		{104CE007-1F8E-461A-A84B-266AFF710E77}.RelWithDebInfo|Win32.ActiveCfg = RelWithDebInfo|Win32
		{BCC10DDA-47DC-49AB-B003-EA1117725F06}.Debug|Win32.ActiveCfg = Debug|Win32
		{BCC10DDA-47DC-49AB-B003-EA1117725F06}.Debug|Win32.Build.0 = Debug|Win32
		{BCC10DDA-47DC-49AB-B003-EA1117725F06}.Release|Win32.ActiveCfg = Release|Win32
		{BCC10DDA-47DC-49AB-B003-EA1117725F06}.Release|Win32.Build.0 = Release|Win32
		{BCC10DDA-47DC-49AB-B003-EA1117725F06}.MinSizeRel|Win32.ActiveCfg = MinSizeRel|Win32
		{BCC10DDA-47DC-49AB-B003-EA1117725F06}.MinSizeRel|Win32.Build.0 = MinSizeRel|Win32
		{BCC10DDA-47DC-49AB-B003-EA1117725F06}.RelWithDebInfo|Win32.ActiveCfg = RelWithDebInfo|Win32
		{BCC10DDA-47DC-49AB-B003-EA1117725F06}.RelWithDebInfo|Win32.Build.0 = RelWithDebInfo|Win32
		{39AEC0B0-FF4D-4848-8BCA-4162E431FD83}.Debug|Win32.ActiveCfg = Debug|Win32
		{39AEC0B0-FF4D-4848-8BCA-4162E431FD83}.Debug|Win32.Build.0 = Debug|Win32
		{39AEC0B0-FF4D-4848-8BCA-4162E431FD83}.Release|Win32.ActiveCfg = Release|Win32
		{39AEC0B0-FF4D-4848-8BCA-4162E431FD83}.Release|Win32.Build.0 = Release|Win32
		{39AEC0B0-FF4D-4848-8BCA-4162E431FD83}.MinSizeRel|Win32.ActiveCfg = MinSizeRel|Win32
		{39AEC0B0-FF4D-4848-8BCA-4162E431FD83}.MinSizeRel|Win32.Build.0 = MinSizeRel|Win32
		{39AEC0B0-FF4D-4848-8BCA-4162E431FD83}.RelWithDebInfo|Win32.ActiveCfg = RelWithDebInfo|Win32
		{39AEC0B0-FF4D-4848-8BCA-4162E431FD83}.RelWithDebInfo|Win32.Build.0 = RelWithDebInfo|Win32
		{8BD6356E-9340-4421-B6DF-811CB054368C}.Debug|Win32.ActiveCfg = Debug|Win32
		{8BD6356E-9340-4421-B6DF-811CB054368C}.Debug|Win32.Build.0 = Debug|Win32
		{8BD6356E-9340-4421-B6DF-811CB054368C}.Release|Win32.ActiveCfg = Release|Win32
		{8BD6356E-9340-4421-B6DF-811CB054368C}.Release|Win32.Build.0 = Release|Win32
		{8BD6356E-9340-4421-B6DF-811CB054368C}.MinSizeRel|Win32.ActiveCfg = MinSizeRel|Win32
		{8BD6356E-9340-4421-B6DF-811CB054368C}.MinSizeRel|Win32.Build.0 = MinSizeRel|Win32
		{8BD6356E-9340-4421-B6DF-811CB054368C}.RelWithDebInfo|Win32.ActiveCfg = RelWithDebInfo|Win32
		{8BD6356E-9340-4421-B6DF-811CB054368C}.RelWithDebInfo|Win32.Build.0 = RelWithDebInfo|Win32
		{9749751C-0582-47E5-AFE0-ED7F71482F1E}.Debug|Win32.ActiveCfg = Debug|Win32
		{9749751C-0582-47E5-AFE0-ED7F71482F1E}.Debug|Win32.Build.0 = Debug|Win32
		{9749751C-0582-47E5-AFE0-ED7F71482F1E}.Release|Win32.ActiveCfg = Release|Win32
		{9749751C-0582-47E5-AFE0-ED7F71482F1E}.Release|Win32.Build.0 = Release|Win32
		{9749751C-0582-47E5-AFE0-ED7F71482F1E}.MinSizeRel|Win32.ActiveCfg = MinSizeRel|Win32
		{9749751C-0582-47E5-AFE0-ED7F71482F1E}.MinSizeRel|Win32.Build.0 = MinSizeRel|Win32
		{9749751C-0582-47E5-AFE0-ED7F71482F1E}.RelWithDebInfo|Win32.ActiveCfg = RelWithDebInfo|Win32
		{9749751C-0582-47E5-AFE0-ED7F71482F1E}.RelWithDebInfo|Win32.Build.0 = RelWithDebInfo|Win32
		{5925F3AC-1FEE-4CE5-9521-59D9AD854D6B}.Debug|Win32.ActiveCfg = Debug|Win32
		{5925F3AC-1FEE-4CE5-9521-59D9AD854D6B}.Debug|Win32.Build.0 = Debug|Win32
		{5925F3AC-1FEE-4CE5-9521-59D9AD854D6B}.Release|Win32.ActiveCfg = Release|Win32
		{5925F3AC-1FEE-4CE5-9521-59D9AD854D6B}.Release|Win32.Build.0 = Release|Win32
		{5925F3AC-1FEE-4CE5-9521-59D9AD854D6B}.MinSizeRel|Win32.ActiveCfg = MinSizeRel|Win32
		{5925F3AC-1FEE-4CE5-9521-59D9AD854D6B}.MinSizeRel|Win32.Build.0 = MinSizeRel|Win32
		{5925F3AC-1FEE-4CE5-9521-59D9AD854D6B}.RelWithDebInfo|Win32.ActiveCfg = RelWithDebInfo|Win32
		{5925F3AC-1FEE-4CE5-9521-59D9AD854D6B}.RelWithDebInfo|Win32.Build.0 = RelWithDebInfo|Win32
		{803469AC-4658-491C-8A04-9BF2A1C28B8F}.Debug|Win32.ActiveCfg = Debug|Win32
		{803469AC-4658-491C-8A04-9BF2A1C28B8F}.Debug|Win32.Build.0 = Debug|Win32
		{803469AC-4658-491C-8A04-9BF2A1C28B8F}.Release|Win32.ActiveCfg = Release|Win32
		{803469AC-4658-491C-8A04-9BF2A1C28B8F}.Release|Win32.Build.0 = Release|Win32
		{803469AC-4658-491C-8A04-9BF2A1C28B8F}.MinSizeRel|Win32.ActiveCfg = MinSizeRel|Win32
		{803469AC-4658-491C-8A04-9BF2A1C28B8F}.MinSizeRel|Win32.Build.0 = MinSizeRel|Win32
		{803469AC-4658-491C-8A04-9BF2A1C28B8F}.RelWithDebInfo|Win32.ActiveCfg = RelWithDebInfo|Win32
		{803469AC-4658-491C-8A04-9BF2A1C28B8F}.RelWithDebInfo|Win32.Build.0 = RelWithDebInfo|Win32
		{6ECF3A6F-76EF-423E-BF50-74F7B773AF60}.Debug|Win32.ActiveCfg = Debug|Win32
		{6ECF3A6F-76EF-423E-BF50-74F7B773AF60}.Debug|Win32.Build.0 = Debug|Win32
		{6ECF3A6F-76EF-423E-BF50-74F7B773AF60}.Release|Win32.ActiveCfg = Release|Win32
		{6ECF3A6F-76EF-423E-BF50-74F7B773AF60}.Release|Win32.Build.0 = Release|Win32
		{6ECF3A6F-76EF-423E-BF50-74F7B773AF60}.MinSizeRel|Win32.ActiveCfg = MinSizeRel|Win32
		{6ECF3A6F-76EF-423E-BF50-74F7B773AF60}.MinSizeRel|Win32.Build.0 = MinSizeRel|Win32
		{6ECF3A6F-76EF-423E-BF50-74F7B773AF60}.RelWithDebInfo|Win32.ActiveCfg = RelWithDebInfo|Win32
		{6ECF3A6F-76EF-423E-BF50-74F7B773AF60}.RelWithDebInfo|Win32.Build.0 = RelWithDebInfo|Win32
		{46E816EC-E70F-4C9D-8D7E-16F8B3D43091}.Debug|Win32.ActiveCfg = Debug|Win32
		{46E816EC-E70F-4C9D-8D7E-16F8B3D43091}.Debug|Win32.Build.0 = Debug|Win32
		{46E816EC-E70F-4C9D-8D7E-16F8B3D43091}.Release|Win32.ActiveCfg = Release|Win32
		{46E816EC-E70F-4C9D-8D7E-16F8B3D43091}.Release|Win32.Build.0 = Release|Win32
		{46E816EC-E70F-4C9D-8D7E-16F8B3D43091}.MinSizeRel|Win32.ActiveCfg = MinSizeRel|Win32
		{46E816EC-E70F-4C9D-8D7E-16F8B3D43091}.MinSizeRel|Win32.Build.0 = MinSizeRel|Win32
		{46E816EC-E70F-4C9D-8D7E-16F8B3D43091}.RelWithDebInfo|Win32.ActiveCfg = RelWithDebInfo|Win32
		{46E816EC-E70F-4C9D-8D7E-16F8B3D43091}.RelWithDebInfo|Win32.Build.0 = RelWithDebInfo|Win32
		{978A37B2-6368-4605-8475-5DCDA4C97BDC}.Debug|Win32.ActiveCfg = Debug|Win32
		{978A37B2-6368-4605-8475-5DCDA4C97BDC}.Debug|Win32.Build.0 = Debug|Win32
		{978A37B2-6368-4605-8475-5DCDA4C97BDC}.Release|Win32.ActiveCfg = Release|Win32
		{978A37B2-6368-4605-8475-5DCDA4C97BDC}.Release|Win32.Build.0 = Release|Win32
		{978A37B2-6368-4605-8475-5DCDA4C97BDC}.MinSizeRel|Win32.ActiveCfg = MinSizeRel|Win32
		{978A37B2-6368-4605-8475-5DCDA4C97BDC}.MinSizeRel|Win32.Build.0 = MinSizeRel|Win32
		{978A37B2-6368-4605-8475-5DCDA4C97BDC}.RelWithDebInfo|Win32.ActiveCfg = RelWithDebInfo|Win32
		{978A37B2-6368-4605-8475-5DCDA4C97BDC}.RelWithDebInfo|Win32.Build.0 = RelWithDebInfo|Win32
		{8D5E59D5-5E94-451C-BFF1-C3B5DE3F6D60}.Debug|Win32.ActiveCfg = Debug|Win32
		{8D5E59D5-5E94-451C-BFF1-C3B5DE3F6D60}.Debug|Win32.Build.0 = Debug|Win32
		{8D5E59D5-5E94-451C-BFF1-C3B5DE3F6D60}.Release|Win32.ActiveCfg = Release|Win32
		{8D5E59D5-5E94-451C-BFF1-C3B5DE3F6D60}.Release|Win32.Build.0 = Release|Win32
		{8D5E59D5-5E94-451C-BFF1-C3B5DE3F6D60}.MinSizeRel|Win32.ActiveCfg = MinSizeRel|Win32
		{8D5E59D5-5E94-451C-BFF1-C3B5DE3F6D60}.MinSizeRel|Win32.Build.0 = MinSizeRel|Win32
		{8D5E59D5-5E94-451C-BFF1-C3B5DE3F6D60}.RelWithDebInfo|Win32.ActiveCfg = RelWithDebInfo|Win32
		{8D5E59D5-5E94-451C-BFF1-C3B5DE3F6D60}.RelWithDebInfo|Win32.Build.0 = RelWithDebInfo|Win32
		{FFD7C907-055A-4830-89A5-50F314AB8989}.Debug|Win32.ActiveCfg = Debug|Win32
		{FFD7C907-055A-4830-89A5-50F314AB8989}.Debug|Win32.Build.0 = Debug|Win32
		{FFD7C907-055A-4830-89A5-50F314AB8989}.Release|Win32.ActiveCfg = Release|Win32
		{FFD7C907-055A-4830-89A5-50F314AB8989}.Release|Win32.Build.0 = Release|Win32
		{FFD7C907-055A-4830-89A5-50F314AB8989}.MinSizeRel|Win32.ActiveCfg = MinSizeRel|Win32
		{FFD7C907-055A-4830-89A5-50F314AB8989}.MinSizeRel|Win32.Build.0 = MinSizeRel|Win32
		{FFD7C907-055A-4830-89A5-50F314AB8989}.RelWithDebInfo|Win32.ActiveCfg = RelWithDebInfo|Win32
		{FFD7C907-055A-4830-89A5-50F314AB8989}.RelWithDebInfo|Win32.Build.0 = RelWithDebInfo|Win32
		{C823C225-AB8F-4A58-836D-5D102A1966E6}.Debug|Win32.ActiveCfg = Debug|Win32
		{C823C225-AB8F-4A58-836D-5D102A1966E6}.Debug|Win32.Build.0 = Debug|Win32
		{C823C225-AB8F-4A58-836D-5D102A1966E6}.Release|Win32.ActiveCfg = Release|Win32
		{C823C225-AB8F-4A58-836D-5D102A1966E6}.Release|Win32.Build.0 = Release|Win32
		{C823C225-AB8F-4A58-836D-5D102A1966E6}.MinSizeRel|Win32.ActiveCfg = MinSizeRel|Win32
		{C823C225-AB8F-4A58-836D-5D102A1966E6}.MinSizeRel|Win32.Build.0 = MinSizeRel|Win32
		{C823C225-AB8F-4A58-836D-5D102A1966E6}.RelWithDebInfo|Win32.ActiveCfg = RelWithDebInfo|Win32
		{C823C225-AB8F-4A58-836D-5D102A1966E6}.RelWithDebInfo|Win32.Build.0 = RelWithDebInfo|Win32
		{F8DC2E3B-B70A-487F-BB0C-8458CE581C38}.Debug|Win32.ActiveCfg = Debug|Win32
		{F8DC2E3B-B70A-487F-BB0C-8458CE581C38}.Debug|Win32.Build.0 = Debug|Win32
		{F8DC2E3B-B70A-487F-BB0C-8458CE581C38}.Release|Win32.ActiveCfg = Release|Win32
		{F8DC2E3B-B70A-487F-BB0C-8458CE581C38}.Release|Win32.Build.0 = Release|Win32
		{F8DC2E3B-B70A-487F-BB0C-8458CE581C38}.MinSizeRel|Win32.ActiveCfg = MinSizeRel|Win32
		{F8DC2E3B-B70A-487F-BB0C-8458CE581C38}.MinSizeRel|Win32.Build.0 = MinSizeRel|Win32
		{F8DC2E3B-B70A-487F-BB0C-8458CE581C38}.RelWithDebInfo|Win32.ActiveCfg = RelWithDebInfo|Win32
		{F8DC2E3B-B70A-487F-BB0C-8458CE581C38}.RelWithDebInfo|Win32.Build.0 = RelWithDebInfo|Win32
		{C75F4B94-123F-4CF0-9911-5A890739F748}.Debug|Win32.ActiveCfg = Debug|Win32
		{C75F4B94-123F-4CF0-9911-5A890739F748}.Debug|Win32.Build.0 = Debug|Win32
		{C75F4B94-123F-4CF0-9911-5A890739F748}.Release|Win32.ActiveCfg = Release|Win32
		{C75F4B94-123F-4CF0-9911-5A890739F748}.Release|Win32.Build.0 = Release|Win32
		{C75F4B94-123F-4CF0-9911-5A890739F748}.MinSizeRel|Win32.ActiveCfg = MinSizeRel|Win32
		{C75F4B94-123F-4CF0-9911-5A890739F748}.MinSizeRel|Win32.Build.0 = MinSizeRel|Win32
		{C75F4B94-123F-4CF0-9911-5A890739F748}.RelWithDebInfo|Win32.ActiveCfg = RelWithDebInfo|Win32
		{C75F4B94-123F-4CF0-9911-5A890739F748}.RelWithDebInfo|Win32.Build.0 = RelWithDebInfo|Win32
		{EB8AE559-9DCC-4382-8D4D-87E68AF7BD6D}.Debug|Win32.ActiveCfg = Debug|Win32
		{EB8AE559-9DCC-4382-8D4D-87E68AF7BD6D}.Debug|Win32.Build.0 = Debug|Win32
		{EB8AE559-9DCC-4382-8D4D-87E68AF7BD6D}.Release|Win32.ActiveCfg = Release|Win32
		{EB8AE559-9DCC-4382-8D4D-87E68AF7BD6D}.Release|Win32.Build.0 = Release|Win32
		{EB8AE559-9DCC-4382-8D4D-87E68AF7BD6D}.MinSizeRel|Win32.ActiveCfg = MinSizeRel|Win32
		{EB8AE559-9DCC-4382-8D4D-87E68AF7BD6D}.MinSizeRel|Win32.Build.0 = MinSizeRel|Win32
		{EB8AE559-9DCC-4382-8D4D-87E68AF7BD6D}.RelWithDebInfo|Win32.ActiveCfg = RelWithDebInfo|Win32
		{EB8AE559-9DCC-4382-8D4D-87E68AF7BD6D}.RelWithDebInfo|Win32.Build.0 = RelWithDebInfo|Win32
		{FEF5FCAE-1160-4325-B0D7-B563F11D0FC6}.Debug|Win32.ActiveCfg = Debug|Win32
		{FEF5FCAE-1160-4325-B0D7-B563F11D0FC6}.Debug|Win32.Build.0 = Debug|Win32
		{FEF5FCAE-1160-4325-B0D7-B563F11D0FC6}.Release|Win32.ActiveCfg = Release|Win32
		{FEF5FCAE-1160-4325-B0D7-B563F11D0FC6}.Release|Win32.Build.0 = Release|Win32
		{FEF5FCAE-1160-4325-B0D7-B563F11D0FC6}.MinSizeRel|Win32.ActiveCfg = MinSizeRel|Win32
		{FEF5FCAE-1160-4325-B0D7-B563F11D0FC6}.MinSizeRel|Win32.Build.0 = MinSizeRel|Win32
		{FEF5FCAE-1160-4325-B0D7-B563F11D0FC6}.RelWithDebInfo|Win32.ActiveCfg = RelWithDebInfo|Win32
		{FEF5FCAE-1160-4325-B0D7-B563F11D0FC6}.RelWithDebInfo|Win32.Build.0 = RelWithDebInfo|Win32
		{5EBA9F70-93FB-4DB7-B0C4-91145F92C9C3}.Debug|Win32.ActiveCfg = Debug|Win32
		{5EBA9F70-93FB-4DB7-B0C4-91145F92C9C3}.Debug|Win32.Build.0 = Debug|Win32
		{5EBA9F70-93FB-4DB7-B0C4-91145F92C9C3}.Release|Win32.ActiveCfg = Release|Win32
		{5EBA9F70-93FB-4DB7-B0C4-91145F92C9C3}.Release|Win32.Build.0 = Release|Win32
		{5EBA9F70-93FB-4DB7-B0C4-91145F92C9C3}.MinSizeRel|Win32.ActiveCfg = MinSizeRel|Win32
		{5EBA9F70-93FB-4DB7-B0C4-91145F92C9C3}.MinSizeRel|Win32.Build.0 = MinSizeRel|Win32
		{5EBA9F70-93FB-4DB7-B0C4-91145F92C9C3}.RelWithDebInfo|Win32.ActiveCfg = RelWithDebInfo|Win32
		{5EBA9F70-93FB-4DB7-B0C4-91145F92C9C3}.RelWithDebInfo|Win32.Build.0 = RelWithDebInfo|Win32
		{4190F3F9-BED0-4F1D-86FF-EB5B62087F61}.Debug|Win32.ActiveCfg = Debug|Win32
		{4190F3F9-BED0-4F1D-86FF-EB5B62087F61}.Debug|Win32.Build.0 = Debug|Win32
		{4190F3F9-BED0-4F1D-86FF-EB5B62087F61}.Release|Win32.ActiveCfg = Release|Win32
		{4190F3F9-BED0-4F1D-86FF-EB5B62087F61}.Release|Win32.Build.0 = Release|Win32
		{4190F3F9-BED0-4F1D-86FF-EB5B62087F61}.MinSizeRel|Win32.ActiveCfg = MinSizeRel|Win32
		{4190F3F9-BED0-4F1D-86FF-EB5B62087F61}.MinSizeRel|Win32.Build.0 = MinSizeRel|Win32
		{4190F3F9-BED0-4F1D-86FF-EB5B62087F61}.RelWithDebInfo|Win32.ActiveCfg = RelWithDebInfo|Win32
		{4190F3F9-BED0-4F1D-86FF-EB5B62087F61}.RelWithDebInfo|Win32.Build.0 = RelWithDebInfo|Win32
		{D946090D-6CF3-473D-AA29-4CC4251856F1}.Debug|Win32.ActiveCfg = Debug|Win32
		{D946090D-6CF3-473D-AA29-4CC4251856F1}.Debug|Win32.Build.0 = Debug|Win32
		{D946090D-6CF3-473D-AA29-4CC4251856F1}.Release|Win32.ActiveCfg = Release|Win32
		{D946090D-6CF3-473D-AA29-4CC4251856F1}.Release|Win32.Build.0 = Release|Win32
		{D946090D-6CF3-473D-AA29-4CC4251856F1}.MinSizeRel|Win32.ActiveCfg = MinSizeRel|Win32
		{D946090D-6CF3-473D-AA29-4CC4251856F1}.MinSizeRel|Win32.Build.0 = MinSizeRel|Win32
		{D946090D-6CF3-473D-AA29-4CC4251856F1}.RelWithDebInfo|Win32.ActiveCfg = RelWithDebInfo|Win32
		{D946090D-6CF3-473D-AA29-4CC4251856F1}.RelWithDebInfo|Win32.Build.0 = RelWithDebInfo|Win32
		{31866789-A4C4-4E2A-A194-2D7FFA2F81CC}.Debug|Win32.ActiveCfg = Debug|Win32
		{31866789-A4C4-4E2A-A194-2D7FFA2F81CC}.Debug|Win32.Build.0 = Debug|Win32
		{31866789-A4C4-4E2A-A194-2D7FFA2F81CC}.Release|Win32.ActiveCfg = Release|Win32
		{31866789-A4C4-4E2A-A194-2D7FFA2F81CC}.Release|Win32.Build.0 = Release|Win32
		{31866789-A4C4-4E2A-A194-2D7FFA2F81CC}.MinSizeRel|Win32.ActiveCfg = MinSizeRel|Win32
		{31866789-A4C4-4E2A-A194-2D7FFA2F81CC}.MinSizeRel|Win32.Build.0 = MinSizeRel|Win32
		{31866789-A4C4-4E2A-A194-2D7FFA2F81CC}.RelWithDebInfo|Win32.ActiveCfg = RelWithDebInfo|Win32
		{31866789-A4C4-4E2A-A194-2D7FFA2F81CC}.RelWithDebInfo|Win32.Build.0 = RelWithDebInfo|Win32
		{7AFE6A9D-4FC2-4FAB-A154-3A3854878775}.Debug|Win32.ActiveCfg = Debug|Win32
		{7AFE6A9D-4FC2-4FAB-A154-3A3854878775}.Debug|Win32.Build.0 = Debug|Win32
		{7AFE6A9D-4FC2-4FAB-A154-3A3854878775}.Release|Win32.ActiveCfg = Release|Win32
		{7AFE6A9D-4FC2-4FAB-A154-3A3854878775}.Release|Win32.Build.0 = Release|Win32
		{7AFE6A9D-4FC2-4FAB-A154-3A3854878775}.MinSizeRel|Win32.ActiveCfg = MinSizeRel|Win32
		{7AFE6A9D-4FC2-4FAB-A154-3A3854878775}.MinSizeRel|Win32.Build.0 = MinSizeRel|Win32
		{7AFE6A9D-4FC2-4FAB-A154-3A3854878775}.RelWithDebInfo|Win32.ActiveCfg = RelWithDebInfo|Win32
		{7AFE6A9D-4FC2-4FAB-A154-3A3854878775}.RelWithDebInfo|Win32.Build.0 = RelWithDebInfo|Win32
		{B2908451-BE00-46C1-BA9B-FF9A1F0C5AD3}.Debug|Win32.ActiveCfg = Debug|Win32
		{B2908451-BE00-46C1-BA9B-FF9A1F0C5AD3}.Debug|Win32.Build.0 = Debug|Win32
		{B2908451-BE00-46C1-BA9B-FF9A1F0C5AD3}.Release|Win32.ActiveCfg = Release|Win32
		{B2908451-BE00-46C1-BA9B-FF9A1F0C5AD3}.Release|Win32.Build.0 = Release|Win32
		{B2908451-BE00-46C1-BA9B-FF9A1F0C5AD3}.MinSizeRel|Win32.ActiveCfg = MinSizeRel|Win32
		{B2908451-BE00-46C1-BA9B-FF9A1F0C5AD3}.MinSizeRel|Win32.Build.0 = MinSizeRel|Win32
		{B2908451-BE00-46C1-BA9B-FF9A1F0C5AD3}.RelWithDebInfo|Win32.ActiveCfg = RelWithDebInfo|Win32
		{B2908451-BE00-46C1-BA9B-FF9A1F0C5AD3}.RelWithDebInfo|Win32.Build.0 = RelWithDebInfo|Win32
		{477432DC-B55B-4AA8-BF09-028C76078AE3}.Debug|Win32.ActiveCfg = Debug|Win32
		{477432DC-B55B-4AA8-BF09-028C76078AE3}.Debug|Win32.Build.0 = Debug|Win32
		{477432DC-B55B-4AA8-BF09-028C76078AE3}.Release|Win32.ActiveCfg = Release|Win32
		{477432DC-B55B-4AA8-BF09-028C76078AE3}.Release|Win32.Build.0 = Release|Win32
		{477432DC-B55B-4AA8-BF09-028C76078AE3}.MinSizeRel|Win32.ActiveCfg = MinSizeRel|Win32
		{477432DC-B55B-4AA8-BF09-028C76078AE3}.MinSizeRel|Win32.Build.0 = MinSizeRel|Win32
		{477432DC-B55B-4AA8-BF09-028C76078AE3}.RelWithDebInfo|Win32.ActiveCfg = RelWithDebInfo|Win32
		{477432DC-B55B-4AA8-BF09-028C76078AE3}.RelWithDebInfo|Win32.Build.0 = RelWithDebInfo|Win32
		{1189A357-A97E-43AB-A12F-AF7EA030D401}.Debug|Win32.ActiveCfg = Debug|Win32
		{1189A357-A97E-43AB-A12F-AF7EA030D401}.Debug|Win32.Build.0 = Debug|Win32
		{1189A357-A97E-43AB-A12F-AF7EA030D401}.Release|Win32.ActiveCfg = Release|Win32
		{1189A357-A97E-43AB-A12F-AF7EA030D401}.Release|Win32.Build.0 = Release|Win32
		{1189A357-A97E-43AB-A12F-AF7EA030D401}.MinSizeRel|Win32.ActiveCfg = MinSizeRel|Win32
		{1189A357-A97E-43AB-A12F-AF7EA030D401}.MinSizeRel|Win32.Build.0 = MinSizeRel|Win32
		{1189A357-A97E-43AB-A12F-AF7EA030D401}.RelWithDebInfo|Win32.ActiveCfg = RelWithDebInfo|Win32
		{1189A357-A97E-43AB-A12F-AF7EA030D401}.RelWithDebInfo|Win32.Build.0 = RelWithDebInfo|Win32
		{F1EA4E33-EC44-4A0B-B6D2-448F4FDD9E97}.Debug|Win32.ActiveCfg = Debug|Win32
		{F1EA4E33-EC44-4A0B-B6D2-448F4FDD9E97}.Debug|Win32.Build.0 = Debug|Win32
		{F1EA4E33-EC44-4A0B-B6D2-448F4FDD9E97}.Release|Win32.ActiveCfg = Release|Win32
		{F1EA4E33-EC44-4A0B-B6D2-448F4FDD9E97}.Release|Win32.Build.0 = Release|Win32
		{F1EA4E33-EC44-4A0B-B6D2-448F4FDD9E97}.MinSizeRel|Win32.ActiveCfg = MinSizeRel|Win32
		{F1EA4E33-EC44-4A0B-B6D2-448F4FDD9E97}.MinSizeRel|Win32.Build.0 = MinSizeRel|Win32
		{F1EA4E33-EC44-4A0B-B6D2-448F4FDD9E97}.RelWithDebInfo|Win32.ActiveCfg = RelWithDebInfo|Win32
		{F1EA4E33-EC44-4A0B-B6D2-448F4FDD9E97}.RelWithDebInfo|Win32.Build.0 = RelWithDebInfo|Win32
		{C151EFC0-A097-438C-9B55-6777AAB7CFAE}.Debug|Win32.ActiveCfg = Debug|Win32
		{C151EFC0-A097-438C-9B55-6777AAB7CFAE}.Debug|Win32.Build.0 = Debug|Win32
		{C151EFC0-A097-438C-9B55-6777AAB7CFAE}.Release|Win32.ActiveCfg = Release|Win32
		{C151EFC0-A097-438C-9B55-6777AAB7CFAE}.Release|Win32.Build.0 = Release|Win32
		{C151EFC0-A097-438C-9B55-6777AAB7CFAE}.MinSizeRel|Win32.ActiveCfg = MinSizeRel|Win32
		{C151EFC0-A097-438C-9B55-6777AAB7CFAE}.MinSizeRel|Win32.Build.0 = MinSizeRel|Win32
		{C151EFC0-A097-438C-9B55-6777AAB7CFAE}.RelWithDebInfo|Win32.ActiveCfg = RelWithDebInfo|Win32
		{C151EFC0-A097-438C-9B55-6777AAB7CFAE}.RelWithDebInfo|Win32.Build.0 = RelWithDebInfo|Win32
		{F687842B-29FD-4ED6-931D-638623503810}.Debug|Win32.ActiveCfg = Debug|Win32
		{F687842B-29FD-4ED6-931D-638623503810}.Debug|Win32.Build.0 = Debug|Win32
		{F687842B-29FD-4ED6-931D-638623503810}.Release|Win32.ActiveCfg = Release|Win32
		{F687842B-29FD-4ED6-931D-638623503810}.Release|Win32.Build.0 = Release|Win32
		{F687842B-29FD-4ED6-931D-638623503810}.MinSizeRel|Win32.ActiveCfg = MinSizeRel|Win32
		{F687842B-29FD-4ED6-931D-638623503810}.MinSizeRel|Win32.Build.0 = MinSizeRel|Win32
		{F687842B-29FD-4ED6-931D-638623503810}.RelWithDebInfo|Win32.ActiveCfg = RelWithDebInfo|Win32
		{F687842B-29FD-4ED6-931D-638623503810}.RelWithDebInfo|Win32.Build.0 = RelWithDebInfo|Win32
		{49CF5608-3EC5-4E04-BDAF-F20768083DA0}.Debug|Win32.ActiveCfg = Debug|Win32
		{49CF5608-3EC5-4E04-BDAF-F20768083DA0}.Debug|Win32.Build.0 = Debug|Win32
		{49CF5608-3EC5-4E04-BDAF-F20768083DA0}.Release|Win32.ActiveCfg = Release|Win32
		{49CF5608-3EC5-4E04-BDAF-F20768083DA0}.Release|Win32.Build.0 = Release|Win32
		{49CF5608-3EC5-4E04-BDAF-F20768083DA0}.MinSizeRel|Win32.ActiveCfg = MinSizeRel|Win32
		{49CF5608-3EC5-4E04-BDAF-F20768083DA0}.MinSizeRel|Win32.Build.0 = MinSizeRel|Win32
		{49CF5608-3EC5-4E04-BDAF-F20768083DA0}.RelWithDebInfo|Win32.ActiveCfg = RelWithDebInfo|Win32
		{49CF5608-3EC5-4E04-BDAF-F20768083DA0}.RelWithDebInfo|Win32.Build.0 = RelWithDebInfo|Win32
		{4969EE63-6219-42A3-9CDD-FB20EDD59500}.Debug|Win32.ActiveCfg = Debug|Win32
		{4969EE63-6219-42A3-9CDD-FB20EDD59500}.Debug|Win32.Build.0 = Debug|Win32
		{4969EE63-6219-42A3-9CDD-FB20EDD59500}.Release|Win32.ActiveCfg = Release|Win32
		{4969EE63-6219-42A3-9CDD-FB20EDD59500}.Release|Win32.Build.0 = Release|Win32
		{4969EE63-6219-42A3-9CDD-FB20EDD59500}.MinSizeRel|Win32.ActiveCfg = MinSizeRel|Win32
		{4969EE63-6219-42A3-9CDD-FB20EDD59500}.MinSizeRel|Win32.Build.0 = MinSizeRel|Win32
		{4969EE63-6219-42A3-9CDD-FB20EDD59500}.RelWithDebInfo|Win32.ActiveCfg = RelWithDebInfo|Win32
		{4969EE63-6219-42A3-9CDD-FB20EDD59500}.RelWithDebInfo|Win32.Build.0 = RelWithDebInfo|Win32
		{6F7292AA-651E-4A51-AB5E-C84245D79F15}.Debug|Win32.ActiveCfg = Debug|Win32
		{6F7292AA-651E-4A51-AB5E-C84245D79F15}.Debug|Win32.Build.0 = Debug|Win32
		{6F7292AA-651E-4A51-AB5E-C84245D79F15}.Release|Win32.ActiveCfg = Release|Win32
		{6F7292AA-651E-4A51-AB5E-C84245D79F15}.Release|Win32.Build.0 = Release|Win32
		{6F7292AA-651E-4A51-AB5E-C84245D79F15}.MinSizeRel|Win32.ActiveCfg = MinSizeRel|Win32
		{6F7292AA-651E-4A51-AB5E-C84245D79F15}.MinSizeRel|Win32.Build.0 = MinSizeRel|Win32
		{6F7292AA-651E-4A51-AB5E-C84245D79F15}.RelWithDebInfo|Win32.ActiveCfg = RelWithDebInfo|Win32
		{6F7292AA-651E-4A51-AB5E-C84245D79F15}.RelWithDebInfo|Win32.Build.0 = RelWithDebInfo|Win32
		{43249428-445C-463E-AAF6-3CC5F33E05EF}.Debug|Win32.ActiveCfg = Debug|Win32
		{43249428-445C-463E-AAF6-3CC5F33E05EF}.Debug|Win32.Build.0 = Debug|Win32
		{43249428-445C-463E-AAF6-3CC5F33E05EF}.Release|Win32.ActiveCfg = Release|Win32
		{43249428-445C-463E-AAF6-3CC5F33E05EF}.Release|Win32.Build.0 = Release|Win32
		{43249428-445C-463E-AAF6-3CC5F33E05EF}.MinSizeRel|Win32.ActiveCfg = MinSizeRel|Win32
		{43249428-445C-463E-AAF6-3CC5F33E05EF}.MinSizeRel|Win32.Build.0 = MinSizeRel|Win32
		{43249428-445C-463E-AAF6-3CC5F33E05EF}.RelWithDebInfo|Win32.ActiveCfg = RelWithDebInfo|Win32
		{43249428-445C-463E-AAF6-3CC5F33E05EF}.RelWithDebInfo|Win32.Build.0 = RelWithDebInfo|Win32
		{81572796-1ECE-4106-B8CF-C02F274935B7}.Debug|Win32.ActiveCfg = Debug|Win32
		{81572796-1ECE-4106-B8CF-C02F274935B7}.Debug|Win32.Build.0 = Debug|Win32
		{81572796-1ECE-4106-B8CF-C02F274935B7}.Release|Win32.ActiveCfg = Release|Win32
		{81572796-1ECE-4106-B8CF-C02F274935B7}.Release|Win32.Build.0 = Release|Win32
		{81572796-1ECE-4106-B8CF-C02F274935B7}.MinSizeRel|Win32.ActiveCfg = MinSizeRel|Win32
		{81572796-1ECE-4106-B8CF-C02F274935B7}.MinSizeRel|Win32.Build.0 = MinSizeRel|Win32
		{81572796-1ECE-4106-B8CF-C02F274935B7}.RelWithDebInfo|Win32.ActiveCfg = RelWithDebInfo|Win32
		{81572796-1ECE-4106-B8CF-C02F274935B7}.RelWithDebInfo|Win32.Build.0 = RelWithDebInfo|Win32
		{A59D63CE-D4A3-4883-B885-2086A731740D}.Debug|Win32.ActiveCfg = Debug|Win32
		{A59D63CE-D4A3-4883-B885-2086A731740D}.Debug|Win32.Build.0 = Debug|Win32
		{A59D63CE-D4A3-4883-B885-2086A731740D}.Release|Win32.ActiveCfg = Release|Win32
		{A59D63CE-D4A3-4883-B885-2086A731740D}.Release|Win32.Build.0 = Release|Win32
		{A59D63CE-D4A3-4883-B885-2086A731740D}.MinSizeRel|Win32.ActiveCfg = MinSizeRel|Win32
		{A59D63CE-D4A3-4883-B885-2086A731740D}.MinSizeRel|Win32.Build.0 = MinSizeRel|Win32
		{A59D63CE-D4A3-4883-B885-2086A731740D}.RelWithDebInfo|Win32.ActiveCfg = RelWithDebInfo|Win32
		{A59D63CE-D4A3-4883-B885-2086A731740D}.RelWithDebInfo|Win32.Build.0 = RelWithDebInfo|Win32
		{31020B4F-895A-40D1-B820-8408E1B1C694}.Debug|Win32.ActiveCfg = Debug|Win32
		{31020B4F-895A-40D1-B820-8408E1B1C694}.Debug|Win32.Build.0 = Debug|Win32
		{31020B4F-895A-40D1-B820-8408E1B1C694}.Release|Win32.ActiveCfg = Release|Win32
		{31020B4F-895A-40D1-B820-8408E1B1C694}.Release|Win32.Build.0 = Release|Win32
		{31020B4F-895A-40D1-B820-8408E1B1C694}.MinSizeRel|Win32.ActiveCfg = MinSizeRel|Win32
		{31020B4F-895A-40D1-B820-8408E1B1C694}.MinSizeRel|Win32.Build.0 = MinSizeRel|Win32
		{31020B4F-895A-40D1-B820-8408E1B1C694}.RelWithDebInfo|Win32.ActiveCfg = RelWithDebInfo|Win32
		{31020B4F-895A-40D1-B820-8408E1B1C694}.RelWithDebInfo|Win32.Build.0 = RelWithDebInfo|Win32
		{1FE9FFAD-BEFA-4C90-8842-B3B63B515EDE}.Debug|Win32.ActiveCfg = Debug|Win32
		{1FE9FFAD-BEFA-4C90-8842-B3B63B515EDE}.Debug|Win32.Build.0 = Debug|Win32
		{1FE9FFAD-BEFA-4C90-8842-B3B63B515EDE}.Release|Win32.ActiveCfg = Release|Win32
		{1FE9FFAD-BEFA-4C90-8842-B3B63B515EDE}.Release|Win32.Build.0 = Release|Win32
		{1FE9FFAD-BEFA-4C90-8842-B3B63B515EDE}.MinSizeRel|Win32.ActiveCfg = MinSizeRel|Win32
		{1FE9FFAD-BEFA-4C90-8842-B3B63B515EDE}.MinSizeRel|Win32.Build.0 = MinSizeRel|Win32
		{1FE9FFAD-BEFA-4C90-8842-B3B63B515EDE}.RelWithDebInfo|Win32.ActiveCfg = RelWithDebInfo|Win32
		{1FE9FFAD-BEFA-4C90-8842-B3B63B515EDE}.RelWithDebInfo|Win32.Build.0 = RelWithDebInfo|Win32
		{BA44C220-73FC-48D6-B2BF-C3AE99F004D7}.Debug|Win32.ActiveCfg = Debug|Win32
		{BA44C220-73FC-48D6-B2BF-C3AE99F004D7}.Debug|Win32.Build.0 = Debug|Win32
		{BA44C220-73FC-48D6-B2BF-C3AE99F004D7}.Release|Win32.ActiveCfg = Release|Win32
		{BA44C220-73FC-48D6-B2BF-C3AE99F004D7}.Release|Win32.Build.0 = Release|Win32
		{BA44C220-73FC-48D6-B2BF-C3AE99F004D7}.MinSizeRel|Win32.ActiveCfg = MinSizeRel|Win32
		{BA44C220-73FC-48D6-B2BF-C3AE99F004D7}.MinSizeRel|Win32.Build.0 = MinSizeRel|Win32
		{BA44C220-73FC-48D6-B2BF-C3AE99F004D7}.RelWithDebInfo|Win32.ActiveCfg = RelWithDebInfo|Win32
		{BA44C220-73FC-48D6-B2BF-C3AE99F004D7}.RelWithDebInfo|Win32.Build.0 = RelWithDebInfo|Win32
		{0A111CE4-7081-4F1F-B79D-86BC58D6A777}.Debug|Win32.ActiveCfg = Debug|Win32
		{0A111CE4-7081-4F1F-B79D-86BC58D6A777}.Debug|Win32.Build.0 = Debug|Win32
		{0A111CE4-7081-4F1F-B79D-86BC58D6A777}.Release|Win32.ActiveCfg = Release|Win32
		{0A111CE4-7081-4F1F-B79D-86BC58D6A777}.Release|Win32.Build.0 = Release|Win32
		{0A111CE4-7081-4F1F-B79D-86BC58D6A777}.MinSizeRel|Win32.ActiveCfg = MinSizeRel|Win32
		{0A111CE4-7081-4F1F-B79D-86BC58D6A777}.MinSizeRel|Win32.Build.0 = MinSizeRel|Win32
		{0A111CE4-7081-4F1F-B79D-86BC58D6A777}.RelWithDebInfo|Win32.ActiveCfg = RelWithDebInfo|Win32
		{0A111CE4-7081-4F1F-B79D-86BC58D6A777}.RelWithDebInfo|Win32.Build.0 = RelWithDebInfo|Win32
		{6C406D8D-B89F-4620-93FB-0EB3ED3D7AE1}.Debug|Win32.ActiveCfg = Debug|Win32
		{6C406D8D-B89F-4620-93FB-0EB3ED3D7AE1}.Debug|Win32.Build.0 = Debug|Win32
		{6C406D8D-B89F-4620-93FB-0EB3ED3D7AE1}.Release|Win32.ActiveCfg = Release|Win32
		{6C406D8D-B89F-4620-93FB-0EB3ED3D7AE1}.Release|Win32.Build.0 = Release|Win32
		{6C406D8D-B89F-4620-93FB-0EB3ED3D7AE1}.MinSizeRel|Win32.ActiveCfg = MinSizeRel|Win32
		{6C406D8D-B89F-4620-93FB-0EB3ED3D7AE1}.MinSizeRel|Win32.Build.0 = MinSizeRel|Win32
		{6C406D8D-B89F-4620-93FB-0EB3ED3D7AE1}.RelWithDebInfo|Win32.ActiveCfg = RelWithDebInfo|Win32
		{6C406D8D-B89F-4620-93FB-0EB3ED3D7AE1}.RelWithDebInfo|Win32.Build.0 = RelWithDebInfo|Win32
		{8B5105A1-CEA0-49AA-BBB8-DF280C13BBA6}.Debug|Win32.ActiveCfg = Debug|Win32
		{8B5105A1-CEA0-49AA-BBB8-DF280C13BBA6}.Debug|Win32.Build.0 = Debug|Win32
		{8B5105A1-CEA0-49AA-BBB8-DF280C13BBA6}.Release|Win32.ActiveCfg = Release|Win32
		{8B5105A1-CEA0-49AA-BBB8-DF280C13BBA6}.Release|Win32.Build.0 = Release|Win32
		{8B5105A1-CEA0-49AA-BBB8-DF280C13BBA6}.MinSizeRel|Win32.ActiveCfg = MinSizeRel|Win32
		{8B5105A1-CEA0-49AA-BBB8-DF280C13BBA6}.MinSizeRel|Win32.Build.0 = MinSizeRel|Win32
		{8B5105A1-CEA0-49AA-BBB8-DF280C13BBA6}.RelWithDebInfo|Win32.ActiveCfg = RelWithDebInfo|Win32
		{8B5105A1-CEA0-49AA-BBB8-DF280C13BBA6}.RelWithDebInfo|Win32.Build.0 = RelWithDebInfo|Win32
		{8F5B84FA-7F3F-4609-8231-401A9C58061C}.Debug|Win32.ActiveCfg = Debug|Win32
		{8F5B84FA-7F3F-4609-8231-401A9C58061C}.Debug|Win32.Build.0 = Debug|Win32
		{8F5B84FA-7F3F-4609-8231-401A9C58061C}.Release|Win32.ActiveCfg = Release|Win32
		{8F5B84FA-7F3F-4609-8231-401A9C58061C}.Release|Win32.Build.0 = Release|Win32
		{8F5B84FA-7F3F-4609-8231-401A9C58061C}.MinSizeRel|Win32.ActiveCfg = MinSizeRel|Win32
		{8F5B84FA-7F3F-4609-8231-401A9C58061C}.MinSizeRel|Win32.Build.0 = MinSizeRel|Win32
		{8F5B84FA-7F3F-4609-8231-401A9C58061C}.RelWithDebInfo|Win32.ActiveCfg = RelWithDebInfo|Win32
		{8F5B84FA-7F3F-4609-8231-401A9C58061C}.RelWithDebInfo|Win32.Build.0 = RelWithDebInfo|Win32
		{976293DE-A7BA-43DC-98DC-90ABA18402DE}.Debug|Win32.ActiveCfg = Debug|Win32
		{976293DE-A7BA-43DC-98DC-90ABA18402DE}.Debug|Win32.Build.0 = Debug|Win32
		{976293DE-A7BA-43DC-98DC-90ABA18402DE}.Release|Win32.ActiveCfg = Release|Win32
		{976293DE-A7BA-43DC-98DC-90ABA18402DE}.Release|Win32.Build.0 = Release|Win32
		{976293DE-A7BA-43DC-98DC-90ABA18402DE}.MinSizeRel|Win32.ActiveCfg = MinSizeRel|Win32
		{976293DE-A7BA-43DC-98DC-90ABA18402DE}.MinSizeRel|Win32.Build.0 = MinSizeRel|Win32
		{976293DE-A7BA-43DC-98DC-90ABA18402DE}.RelWithDebInfo|Win32.ActiveCfg = RelWithDebInfo|Win32
		{976293DE-A7BA-43DC-98DC-90ABA18402DE}.RelWithDebInfo|Win32.Build.0 = RelWithDebInfo|Win32
	EndGlobalSection
	GlobalSection(ExtensibilityGlobals) = postSolution
	EndGlobalSection
	GlobalSection(ExtensibilityAddIns) = postSolution
	EndGlobalSection
EndGlobal
