
Microsoft Visual Studio Solution File, Format Version 10.00
# Visual Studio 2008
Project("{8BC9CEB8-8B4A-11D0-8D11-00A0C91BC942}") = "ModelEditor", "ModelEditor.vcproj", "{C8855360-4860-4D40-91C7-72D54AA9A9B0}"
EndProject
Global
	GlobalSection(SolutionConfigurationPlatforms) = preSolution
		Debug|Win32 = Debug|Win32
		DLL Debug|Win32 = DLL Debug|Win32
		DLL Release|Win32 = DLL Release|Win32
		DLL Unicode Debug|Win32 = DLL Unicode Debug|Win32
		DLL Unicode Release|Win32 = DLL Unicode Release|Win32
		DLL Universal Debug|Win32 = DLL Universal Debug|Win32
		DLL Universal Release|Win32 = DLL Universal Release|Win32
		DLL Universal Unicode Debug|Win32 = DLL Universal Unicode Debug|Win32
		DLL Universal Unicode Release|Win32 = DLL Universal Unicode Release|Win32
		Final|Win32 = Final|Win32
		MinSizeRel|Win32 = MinSizeRel|Win32
		Release|Win32 = Release|Win32
		RelWithDebInfo|Win32 = RelWithDebInfo|Win32
		Unicode Debug|Win32 = Unicode Debug|Win32
		Unicode Release|Win32 = Unicode Release|Win32
		Universal Debug|Win32 = Universal Debug|Win32
		Universal Release|Win32 = Universal Release|Win32
		Universal Unicode Debug|Win32 = Universal Unicode Debug|Win32
		Universal Unicode Release|Win32 = Universal Unicode Release|Win32
	EndGlobalSection
	GlobalSection(ProjectConfigurationPlatforms) = postSolution
		{C8855360-4860-4D40-91C7-72D54AA9A9B0}.Debug|Win32.ActiveCfg = Debug|Win32
		{C8855360-4860-4D40-91C7-72D54AA9A9B0}.Debug|Win32.Build.0 = Debug|Win32
		{C8855360-4860-4D40-91C7-72D54AA9A9B0}.DLL Debug|Win32.ActiveCfg = Debug|Win32
		{C8855360-4860-4D40-91C7-72D54AA9A9B0}.DLL Debug|Win32.Build.0 = Debug|Win32
		{C8855360-4860-4D40-91C7-72D54AA9A9B0}.DLL Release|Win32.ActiveCfg = Release|Win32
		{C8855360-4860-4D40-91C7-72D54AA9A9B0}.DLL Release|Win32.Build.0 = Release|Win32
		{C8855360-4860-4D40-91C7-72D54AA9A9B0}.DLL Unicode Debug|Win32.ActiveCfg = Debug|Win32
		{C8855360-4860-4D40-91C7-72D54AA9A9B0}.DLL Unicode Debug|Win32.Build.0 = Debug|Win32
		{C8855360-4860-4D40-91C7-72D54AA9A9B0}.DLL Unicode Release|Win32.ActiveCfg = Release|Win32
		{C8855360-4860-4D40-91C7-72D54AA9A9B0}.DLL Unicode Release|Win32.Build.0 = Release|Win32
		{C8855360-4860-4D40-91C7-72D54AA9A9B0}.DLL Universal Debug|Win32.ActiveCfg = Debug|Win32
		{C8855360-4860-4D40-91C7-72D54AA9A9B0}.DLL Universal Debug|Win32.Build.0 = Debug|Win32
		{C8855360-4860-4D40-91C7-72D54AA9A9B0}.DLL Universal Release|Win32.ActiveCfg = Release|Win32
		{C8855360-4860-4D40-91C7-72D54AA9A9B0}.DLL Universal Release|Win32.Build.0 = Release|Win32
		{C8855360-4860-4D40-91C7-72D54AA9A9B0}.DLL Universal Unicode Debug|Win32.ActiveCfg = Debug|Win32
		{C8855360-4860-4D40-91C7-72D54AA9A9B0}.DLL Universal Unicode Debug|Win32.Build.0 = Debug|Win32
		{C8855360-4860-4D40-91C7-72D54AA9A9B0}.DLL Universal Unicode Release|Win32.ActiveCfg = Release|Win32
		{C8855360-4860-4D40-91C7-72D54AA9A9B0}.DLL Universal Unicode Release|Win32.Build.0 = Release|Win32
		{C8855360-4860-4D40-91C7-72D54AA9A9B0}.Final|Win32.ActiveCfg = Release|Win32
		{C8855360-4860-4D40-91C7-72D54AA9A9B0}.Final|Win32.Build.0 = Release|Win32
		{C8855360-4860-4D40-91C7-72D54AA9A9B0}.MinSizeRel|Win32.ActiveCfg = Release|Win32
		{C8855360-4860-4D40-91C7-72D54AA9A9B0}.MinSizeRel|Win32.Build.0 = Release|Win32
		{C8855360-4860-4D40-91C7-72D54AA9A9B0}.Release|Win32.ActiveCfg = Release|Win32
		{C8855360-4860-4D40-91C7-72D54AA9A9B0}.Release|Win32.Build.0 = Release|Win32
		{C8855360-4860-4D40-91C7-72D54AA9A9B0}.RelWithDebInfo|Win32.ActiveCfg = Release|Win32
		{C8855360-4860-4D40-91C7-72D54AA9A9B0}.RelWithDebInfo|Win32.Build.0 = Release|Win32
		{C8855360-4860-4D40-91C7-72D54AA9A9B0}.Unicode Debug|Win32.ActiveCfg = Debug|Win32
		{C8855360-4860-4D40-91C7-72D54AA9A9B0}.Unicode Debug|Win32.Build.0 = Debug|Win32
		{C8855360-4860-4D40-91C7-72D54AA9A9B0}.Unicode Release|Win32.ActiveCfg = Release|Win32
		{C8855360-4860-4D40-91C7-72D54AA9A9B0}.Unicode Release|Win32.Build.0 = Release|Win32
		{C8855360-4860-4D40-91C7-72D54AA9A9B0}.Universal Debug|Win32.ActiveCfg = Debug|Win32
		{C8855360-4860-4D40-91C7-72D54AA9A9B0}.Universal Debug|Win32.Build.0 = Debug|Win32
		{C8855360-4860-4D40-91C7-72D54AA9A9B0}.Universal Release|Win32.ActiveCfg = Release|Win32
		{C8855360-4860-4D40-91C7-72D54AA9A9B0}.Universal Release|Win32.Build.0 = Release|Win32
		{C8855360-4860-4D40-91C7-72D54AA9A9B0}.Universal Unicode Debug|Win32.ActiveCfg = Debug|Win32
		{C8855360-4860-4D40-91C7-72D54AA9A9B0}.Universal Unicode Debug|Win32.Build.0 = Debug|Win32
		{C8855360-4860-4D40-91C7-72D54AA9A9B0}.Universal Unicode Release|Win32.ActiveCfg = Release|Win32
		{C8855360-4860-4D40-91C7-72D54AA9A9B0}.Universal Unicode Release|Win32.Build.0 = Release|Win32
	EndGlobalSection
	GlobalSection(SolutionProperties) = preSolution
		HideSolutionNode = FALSE
	EndGlobalSection
EndGlobal
