Microsoft Visual Studio Solution File, Format Version 10.00
# Visual Studio 2008
Project("{8BC9CEB8-8B4A-11D0-8D11-00A0C91BC942}") = "ALL_BUILD", "ALL_BUILD.vcproj", "{E9B51035-B8F0-4248-8F84-D5CD80F5BCF2}"
	ProjectSection(ProjectDependencies) = postProject
		{EE228520-5BCB-4833-B530-1425D0E2B9D2} = {EE228520-5BCB-4833-B530-1425D0E2B9D2}
		{74B5B2BA-1271-4650-933A-005242199CDD} = {74B5B2BA-1271-4650-933A-005242199CDD}
		{216B11BE-600D-45E3-BC9E-DD6A596E2F15} = {216B11BE-600D-45E3-BC9E-DD6A596E2F15}
		{8CB5968F-2CD9-4F5C-B2CB-E66F06377239} = {8CB5968F-2CD9-4F5C-B2CB-E66F06377239}
		{09C91131-EA90-4C9C-98B5-5C4641FF70E0} = {09C91131-EA90-4C9C-98B5-5C4641FF70E0}
		{BAC14932-0A02-4DCC-8F83-2E39B220DBAC} = {BAC14932-0A02-4DCC-8F83-2E39B220DBAC}
		{4B129D4B-C2C0-4F41-9A74-C409D7E5230B} = {4B129D4B-C2C0-4F41-9A74-C409D7E5230B}
		{300B687C-5F2A-46C6-AAA9-1D77425C6921} = {300B687C-5F2A-46C6-AAA9-1D77425C6921}
		{AE10BC71-0C43-4469-8A0C-2EB5CA4EE2BE} = {AE10BC71-0C43-4469-8A0C-2EB5CA4EE2BE}
		{6E33CF72-732B-4B00-B8AE-C3E167B93173} = {6E33CF72-732B-4B00-B8AE-C3E167B93173}
		{6B3D1C1B-B845-450B-9910-AFC8FF2FFC96} = {6B3D1C1B-B845-450B-9910-AFC8FF2FFC96}
		{000CC0E4-DE32-4893-935E-F4D641BE25EA} = {000CC0E4-DE32-4893-935E-F4D641BE25EA}
		{A804174E-EDAA-4B03-9875-DBE9FA64F41C} = {A804174E-EDAA-4B03-9875-DBE9FA64F41C}
		{C90C561A-2FF3-449D-8239-EFEA2ED7E583} = {C90C561A-2FF3-449D-8239-EFEA2ED7E583}
		{A3AE46F5-30CB-486F-A3F8-26F2269F63B3} = {A3AE46F5-30CB-486F-A3F8-26F2269F63B3}
		{03D5B1A2-2F15-4DE5-BD7B-B0EDB6E86BE2} = {03D5B1A2-2F15-4DE5-BD7B-B0EDB6E86BE2}
		{A5850488-AE7E-4531-9912-D9F309079AEB} = {A5850488-AE7E-4531-9912-D9F309079AEB}
		{CC7CC278-F4D1-44B3-BEF7-BB7399CBF81D} = {CC7CC278-F4D1-44B3-BEF7-BB7399CBF81D}
		{2C6A2331-BEE3-4A5D-84F3-875910B74DED} = {2C6A2331-BEE3-4A5D-84F3-875910B74DED}
		{2917BB7A-D8D7-4CC5-81D8-96476455C11B} = {2917BB7A-D8D7-4CC5-81D8-96476455C11B}
		{3115584B-675F-4135-B376-8F323319D223} = {3115584B-675F-4135-B376-8F323319D223}
		{377522D1-3131-4569-A972-A43FC05D961E} = {377522D1-3131-4569-A972-A43FC05D961E}
		{70F77462-F98C-4B2E-825B-093D32A7840F} = {70F77462-F98C-4B2E-825B-093D32A7840F}
		{86C27C7F-1135-4DFD-8B58-A045842787C7} = {86C27C7F-1135-4DFD-8B58-A045842787C7}
		{C4A8AE3A-95A9-4ECA-85E8-8051F95C3A6D} = {C4A8AE3A-95A9-4ECA-85E8-8051F95C3A6D}
		{8C947D32-87BB-4A3B-93AB-76CC94263F64} = {8C947D32-87BB-4A3B-93AB-76CC94263F64}
		{3CE3391D-2B69-49B0-BF50-E07898FCA560} = {3CE3391D-2B69-49B0-BF50-E07898FCA560}
		{3E1109C5-E3A9-485A-9030-F2B774517830} = {3E1109C5-E3A9-485A-9030-F2B774517830}
		{A50109DC-6DC0-449C-9836-14A67088069B} = {A50109DC-6DC0-449C-9836-14A67088069B}
		{563586F1-7FFC-47DF-B0AD-28FF7986C957} = {563586F1-7FFC-47DF-B0AD-28FF7986C957}
		{1E23C276-ACC2-4A08-9087-4EE0AFDA5510} = {1E23C276-ACC2-4A08-9087-4EE0AFDA5510}
		{04F75EB6-8D10-4FF4-A198-64D0A78CF684} = {04F75EB6-8D10-4FF4-A198-64D0A78CF684}
		{E226ACB5-23D7-4B07-8D4D-1E810CA2CA54} = {E226ACB5-23D7-4B07-8D4D-1E810CA2CA54}
		{25A102D7-A4C1-4BE8-AF99-8D839DA1D1FF} = {25A102D7-A4C1-4BE8-AF99-8D839DA1D1FF}
		{CAAF1BEB-B980-4DC7-AF08-8AF7CF657E8C} = {CAAF1BEB-B980-4DC7-AF08-8AF7CF657E8C}
		{8DD14648-D576-4301-A40C-F812262B160F} = {8DD14648-D576-4301-A40C-F812262B160F}
		{6EE1CEAB-DC79-415E-B643-74BF8E34D93B} = {6EE1CEAB-DC79-415E-B643-74BF8E34D93B}
		{6FDFB393-AFDB-4D85-90BD-482CA058602C} = {6FDFB393-AFDB-4D85-90BD-482CA058602C}
		{E58691BC-ACBF-4984-BB1A-9DC4E7CF4897} = {E58691BC-ACBF-4984-BB1A-9DC4E7CF4897}
		{948207D5-7FB6-45C7-AE40-EC6DAEC5FCC0} = {948207D5-7FB6-45C7-AE40-EC6DAEC5FCC0}
		{37AC2B51-8091-47A9-9B55-EAE83DD27C52} = {37AC2B51-8091-47A9-9B55-EAE83DD27C52}
		{45BB87B0-39A7-4971-9DA0-8159F34938B9} = {45BB87B0-39A7-4971-9DA0-8159F34938B9}
		{1529B089-B3CA-4663-BDC6-FBB24B356D24} = {1529B089-B3CA-4663-BDC6-FBB24B356D24}
		{2FE043FB-91A5-4FAE-92B8-5D51588A261E} = {2FE043FB-91A5-4FAE-92B8-5D51588A261E}
		{9DF69CBC-7EB9-41A2-AB4E-FAF5A0CDBA86} = {9DF69CBC-7EB9-41A2-AB4E-FAF5A0CDBA86}
	EndProjectSection
EndProject
Project("{8BC9CEB8-8B4A-11D0-8D11-00A0C91BC942}") = "SampleBrowser", "Samples\Browser\SampleBrowser.vcproj", "{EE228520-5BCB-4833-B530-1425D0E2B9D2}"
	ProjectSection(ProjectDependencies) = postProject
		{74B5B2BA-1271-4650-933A-005242199CDD} = {74B5B2BA-1271-4650-933A-005242199CDD}
		{216B11BE-600D-45E3-BC9E-DD6A596E2F15} = {216B11BE-600D-45E3-BC9E-DD6A596E2F15}
		{8CB5968F-2CD9-4F5C-B2CB-E66F06377239} = {8CB5968F-2CD9-4F5C-B2CB-E66F06377239}
		{09C91131-EA90-4C9C-98B5-5C4641FF70E0} = {09C91131-EA90-4C9C-98B5-5C4641FF70E0}
		{BAC14932-0A02-4DCC-8F83-2E39B220DBAC} = {BAC14932-0A02-4DCC-8F83-2E39B220DBAC}
		{4B129D4B-C2C0-4F41-9A74-C409D7E5230B} = {4B129D4B-C2C0-4F41-9A74-C409D7E5230B}
		{300B687C-5F2A-46C6-AAA9-1D77425C6921} = {300B687C-5F2A-46C6-AAA9-1D77425C6921}
		{AE10BC71-0C43-4469-8A0C-2EB5CA4EE2BE} = {AE10BC71-0C43-4469-8A0C-2EB5CA4EE2BE}
		{6E33CF72-732B-4B00-B8AE-C3E167B93173} = {6E33CF72-732B-4B00-B8AE-C3E167B93173}
		{6B3D1C1B-B845-450B-9910-AFC8FF2FFC96} = {6B3D1C1B-B845-450B-9910-AFC8FF2FFC96}
		{000CC0E4-DE32-4893-935E-F4D641BE25EA} = {000CC0E4-DE32-4893-935E-F4D641BE25EA}
		{A804174E-EDAA-4B03-9875-DBE9FA64F41C} = {A804174E-EDAA-4B03-9875-DBE9FA64F41C}
		{C90C561A-2FF3-449D-8239-EFEA2ED7E583} = {C90C561A-2FF3-449D-8239-EFEA2ED7E583}
		{A3AE46F5-30CB-486F-A3F8-26F2269F63B3} = {A3AE46F5-30CB-486F-A3F8-26F2269F63B3}
		{03D5B1A2-2F15-4DE5-BD7B-B0EDB6E86BE2} = {03D5B1A2-2F15-4DE5-BD7B-B0EDB6E86BE2}
		{A5850488-AE7E-4531-9912-D9F309079AEB} = {A5850488-AE7E-4531-9912-D9F309079AEB}
		{CC7CC278-F4D1-44B3-BEF7-BB7399CBF81D} = {CC7CC278-F4D1-44B3-BEF7-BB7399CBF81D}
		{2C6A2331-BEE3-4A5D-84F3-875910B74DED} = {2C6A2331-BEE3-4A5D-84F3-875910B74DED}
		{2917BB7A-D8D7-4CC5-81D8-96476455C11B} = {2917BB7A-D8D7-4CC5-81D8-96476455C11B}
		{3115584B-675F-4135-B376-8F323319D223} = {3115584B-675F-4135-B376-8F323319D223}
		{377522D1-3131-4569-A972-A43FC05D961E} = {377522D1-3131-4569-A972-A43FC05D961E}
		{70F77462-F98C-4B2E-825B-093D32A7840F} = {70F77462-F98C-4B2E-825B-093D32A7840F}
		{86C27C7F-1135-4DFD-8B58-A045842787C7} = {86C27C7F-1135-4DFD-8B58-A045842787C7}
		{C4A8AE3A-95A9-4ECA-85E8-8051F95C3A6D} = {C4A8AE3A-95A9-4ECA-85E8-8051F95C3A6D}
		{8C947D32-87BB-4A3B-93AB-76CC94263F64} = {8C947D32-87BB-4A3B-93AB-76CC94263F64}
		{3CE3391D-2B69-49B0-BF50-E07898FCA560} = {3CE3391D-2B69-49B0-BF50-E07898FCA560}
		{3E1109C5-E3A9-485A-9030-F2B774517830} = {3E1109C5-E3A9-485A-9030-F2B774517830}
		{A50109DC-6DC0-449C-9836-14A67088069B} = {A50109DC-6DC0-449C-9836-14A67088069B}
		{563586F1-7FFC-47DF-B0AD-28FF7986C957} = {563586F1-7FFC-47DF-B0AD-28FF7986C957}
		{1E23C276-ACC2-4A08-9087-4EE0AFDA5510} = {1E23C276-ACC2-4A08-9087-4EE0AFDA5510}
		{04F75EB6-8D10-4FF4-A198-64D0A78CF684} = {04F75EB6-8D10-4FF4-A198-64D0A78CF684}
		{E226ACB5-23D7-4B07-8D4D-1E810CA2CA54} = {E226ACB5-23D7-4B07-8D4D-1E810CA2CA54}
		{25A102D7-A4C1-4BE8-AF99-8D839DA1D1FF} = {25A102D7-A4C1-4BE8-AF99-8D839DA1D1FF}
		{CAAF1BEB-B980-4DC7-AF08-8AF7CF657E8C} = {CAAF1BEB-B980-4DC7-AF08-8AF7CF657E8C}
		{8DD14648-D576-4301-A40C-F812262B160F} = {8DD14648-D576-4301-A40C-F812262B160F}
		{6EE1CEAB-DC79-415E-B643-74BF8E34D93B} = {6EE1CEAB-DC79-415E-B643-74BF8E34D93B}
		{6FDFB393-AFDB-4D85-90BD-482CA058602C} = {6FDFB393-AFDB-4D85-90BD-482CA058602C}
		{E58691BC-ACBF-4984-BB1A-9DC4E7CF4897} = {E58691BC-ACBF-4984-BB1A-9DC4E7CF4897}
		{948207D5-7FB6-45C7-AE40-EC6DAEC5FCC0} = {948207D5-7FB6-45C7-AE40-EC6DAEC5FCC0}
		{37AC2B51-8091-47A9-9B55-EAE83DD27C52} = {37AC2B51-8091-47A9-9B55-EAE83DD27C52}
		{45BB87B0-39A7-4971-9DA0-8159F34938B9} = {45BB87B0-39A7-4971-9DA0-8159F34938B9}
		{1529B089-B3CA-4663-BDC6-FBB24B356D24} = {1529B089-B3CA-4663-BDC6-FBB24B356D24}
		{2FE043FB-91A5-4FAE-92B8-5D51588A261E} = {2FE043FB-91A5-4FAE-92B8-5D51588A261E}
		{9DF69CBC-7EB9-41A2-AB4E-FAF5A0CDBA86} = {9DF69CBC-7EB9-41A2-AB4E-FAF5A0CDBA86}
	EndProjectSection
EndProject
Project("{8BC9CEB8-8B4A-11D0-8D11-00A0C91BC942}") = "Sample_BSP", "Samples\BSP\Sample_BSP.vcproj", "{74B5B2BA-1271-4650-933A-005242199CDD}"
	ProjectSection(ProjectDependencies) = postProject
	EndProjectSection
EndProject
Project("{8BC9CEB8-8B4A-11D0-8D11-00A0C91BC942}") = "Sample_BezierPatch", "Samples\BezierPatch\Sample_BezierPatch.vcproj", "{216B11BE-600D-45E3-BC9E-DD6A596E2F15}"
	ProjectSection(ProjectDependencies) = postProject
	EndProjectSection
EndProject
Project("{8BC9CEB8-8B4A-11D0-8D11-00A0C91BC942}") = "Sample_CameraTrack", "Samples\CameraTrack\Sample_CameraTrack.vcproj", "{8CB5968F-2CD9-4F5C-B2CB-E66F06377239}"
	ProjectSection(ProjectDependencies) = postProject
	EndProjectSection
EndProject
Project("{8BC9CEB8-8B4A-11D0-8D11-00A0C91BC942}") = "Sample_CelShading", "Samples\CelShading\Sample_CelShading.vcproj", "{09C91131-EA90-4C9C-98B5-5C4641FF70E0}"
	ProjectSection(ProjectDependencies) = postProject
	EndProjectSection
EndProject
Project("{8BC9CEB8-8B4A-11D0-8D11-00A0C91BC942}") = "Sample_Character", "Samples\Character\Sample_Character.vcproj", "{BAC14932-0A02-4DCC-8F83-2E39B220DBAC}"
	ProjectSection(ProjectDependencies) = postProject
	EndProjectSection
EndProject
Project("{8BC9CEB8-8B4A-11D0-8D11-00A0C91BC942}") = "Sample_Compositor", "Samples\Compositor\Sample_Compositor.vcproj", "{4B129D4B-C2C0-4F41-9A74-C409D7E5230B}"
	ProjectSection(ProjectDependencies) = postProject
	EndProjectSection
EndProject
Project("{8BC9CEB8-8B4A-11D0-8D11-00A0C91BC942}") = "Sample_CubeMapping", "Samples\CubeMapping\Sample_CubeMapping.vcproj", "{300B687C-5F2A-46C6-AAA9-1D77425C6921}"
	ProjectSection(ProjectDependencies) = postProject
	EndProjectSection
EndProject
Project("{8BC9CEB8-8B4A-11D0-8D11-00A0C91BC942}") = "Sample_DeferredShading", "Samples\DeferredShading\Sample_DeferredShading.vcproj", "{AE10BC71-0C43-4469-8A0C-2EB5CA4EE2BE}"
	ProjectSection(ProjectDependencies) = postProject
	EndProjectSection
EndProject
Project("{8BC9CEB8-8B4A-11D0-8D11-00A0C91BC942}") = "Sample_Dot3Bump", "Samples\Dot3Bump\Sample_Dot3Bump.vcproj", "{6E33CF72-732B-4B00-B8AE-C3E167B93173}"
	ProjectSection(ProjectDependencies) = postProject
	EndProjectSection
EndProject
Project("{8BC9CEB8-8B4A-11D0-8D11-00A0C91BC942}") = "Sample_DualQuaternion", "Samples\DualQuaternion\Sample_DualQuaternion.vcproj", "{6B3D1C1B-B845-450B-9910-AFC8FF2FFC96}"
	ProjectSection(ProjectDependencies) = postProject
	EndProjectSection
EndProject
Project("{8BC9CEB8-8B4A-11D0-8D11-00A0C91BC942}") = "Sample_DynTex", "Samples\DynTex\Sample_DynTex.vcproj", "{000CC0E4-DE32-4893-935E-F4D641BE25EA}"
	ProjectSection(ProjectDependencies) = postProject
	EndProjectSection
EndProject
Project("{8BC9CEB8-8B4A-11D0-8D11-00A0C91BC942}") = "Sample_EndlessWorld", "Samples\EndlessWorld\Sample_EndlessWorld.vcproj", "{A804174E-EDAA-4B03-9875-DBE9FA64F41C}"
	ProjectSection(ProjectDependencies) = postProject
	EndProjectSection
EndProject
Project("{8BC9CEB8-8B4A-11D0-8D11-00A0C91BC942}") = "Sample_FacialAnimation", "Samples\FacialAnimation\Sample_FacialAnimation.vcproj", "{C90C561A-2FF3-449D-8239-EFEA2ED7E583}"
	ProjectSection(ProjectDependencies) = postProject
	EndProjectSection
EndProject
Project("{8BC9CEB8-8B4A-11D0-8D11-00A0C91BC942}") = "Sample_Fresnel", "Samples\Fresnel\Sample_Fresnel.vcproj", "{A3AE46F5-30CB-486F-A3F8-26F2269F63B3}"
	ProjectSection(ProjectDependencies) = postProject
	EndProjectSection
EndProject
Project("{8BC9CEB8-8B4A-11D0-8D11-00A0C91BC942}") = "Sample_Grass", "Samples\Grass\Sample_Grass.vcproj", "{03D5B1A2-2F15-4DE5-BD7B-B0EDB6E86BE2}"
	ProjectSection(ProjectDependencies) = postProject
	EndProjectSection
EndProject
Project("{8BC9CEB8-8B4A-11D0-8D11-00A0C91BC942}") = "Sample_Instancing", "Samples\Instancing\Sample_Instancing.vcproj", "{A5850488-AE7E-4531-9912-D9F309079AEB}"
	ProjectSection(ProjectDependencies) = postProject
	EndProjectSection
EndProject
Project("{8BC9CEB8-8B4A-11D0-8D11-00A0C91BC942}") = "Sample_Isosurf", "Samples\Isosurf\Sample_Isosurf.vcproj", "{CC7CC278-F4D1-44B3-BEF7-BB7399CBF81D}"
	ProjectSection(ProjectDependencies) = postProject
	EndProjectSection
EndProject
Project("{8BC9CEB8-8B4A-11D0-8D11-00A0C91BC942}") = "Sample_Lighting", "Samples\Lighting\Sample_Lighting.vcproj", "{2C6A2331-BEE3-4A5D-84F3-875910B74DED}"
	ProjectSection(ProjectDependencies) = postProject
	EndProjectSection
EndProject
Project("{8BC9CEB8-8B4A-11D0-8D11-00A0C91BC942}") = "Sample_MeshLod", "Samples\MeshLod\Sample_MeshLod.vcproj", "{2917BB7A-D8D7-4CC5-81D8-96476455C11B}"
	ProjectSection(ProjectDependencies) = postProject
	EndProjectSection
EndProject
Project("{8BC9CEB8-8B4A-11D0-8D11-00A0C91BC942}") = "Sample_NewInstancing", "Samples\NewInstancing\Sample_NewInstancing.vcproj", "{3115584B-675F-4135-B376-8F323319D223}"
	ProjectSection(ProjectDependencies) = postProject
	EndProjectSection
EndProject
Project("{8BC9CEB8-8B4A-11D0-8D11-00A0C91BC942}") = "Sample_Ocean", "Samples\OceanDemo\Sample_Ocean.vcproj", "{377522D1-3131-4569-A972-A43FC05D961E}"
	ProjectSection(ProjectDependencies) = postProject
	EndProjectSection
EndProject
Project("{8BC9CEB8-8B4A-11D0-8D11-00A0C91BC942}") = "Sample_PNTriangles", "Samples\PNTrianglesTessellation\Sample_PNTriangles.vcproj", "{70F77462-F98C-4B2E-825B-093D32A7840F}"
	ProjectSection(ProjectDependencies) = postProject
	EndProjectSection
EndProject
Project("{8BC9CEB8-8B4A-11D0-8D11-00A0C91BC942}") = "Sample_ParticleFX", "Samples\ParticleFX\Sample_ParticleFX.vcproj", "{86C27C7F-1135-4DFD-8B58-A045842787C7}"
	ProjectSection(ProjectDependencies) = postProject
	EndProjectSection
EndProject
Project("{8BC9CEB8-8B4A-11D0-8D11-00A0C91BC942}") = "Sample_ParticleGS", "Samples\ParticleGS\Sample_ParticleGS.vcproj", "{C4A8AE3A-95A9-4ECA-85E8-8051F95C3A6D}"
	ProjectSection(ProjectDependencies) = postProject
	EndProjectSection
EndProject
Project("{8BC9CEB8-8B4A-11D0-8D11-00A0C91BC942}") = "Sample_SSAO", "Samples\SSAO\Sample_SSAO.vcproj", "{8C947D32-87BB-4A3B-93AB-76CC94263F64}"
	ProjectSection(ProjectDependencies) = postProject
	EndProjectSection
EndProject
Project("{8BC9CEB8-8B4A-11D0-8D11-00A0C91BC942}") = "Sample_ShaderSystem", "Samples\ShaderSystem\Sample_ShaderSystem.vcproj", "{3CE3391D-2B69-49B0-BF50-E07898FCA560}"
	ProjectSection(ProjectDependencies) = postProject
	EndProjectSection
EndProject
Project("{8BC9CEB8-8B4A-11D0-8D11-00A0C91BC942}") = "Sample_ShaderSystemMultiLight", "Samples\ShaderSystemMultiLight\Sample_ShaderSystemMultiLight.vcproj", "{3E1109C5-E3A9-485A-9030-F2B774517830}"
	ProjectSection(ProjectDependencies) = postProject
	EndProjectSection
EndProject
Project("{8BC9CEB8-8B4A-11D0-8D11-00A0C91BC942}") = "Sample_ShaderSystemTexturedFog", "Samples\ShaderSystemTexturedFog\Sample_ShaderSystemTexturedFog.vcproj", "{A50109DC-6DC0-449C-9836-14A67088069B}"
	ProjectSection(ProjectDependencies) = postProject
	EndProjectSection
EndProject
Project("{8BC9CEB8-8B4A-11D0-8D11-00A0C91BC942}") = "Sample_Shadows", "Samples\Shadows\Sample_Shadows.vcproj", "{563586F1-7FFC-47DF-B0AD-28FF7986C957}"
	ProjectSection(ProjectDependencies) = postProject
	EndProjectSection
EndProject
Project("{8BC9CEB8-8B4A-11D0-8D11-00A0C91BC942}") = "Sample_SkeletalAnimation", "Samples\SkeletalAnimation\Sample_SkeletalAnimation.vcproj", "{1E23C276-ACC2-4A08-9087-4EE0AFDA5510}"
	ProjectSection(ProjectDependencies) = postProject
	EndProjectSection
EndProject
Project("{8BC9CEB8-8B4A-11D0-8D11-00A0C91BC942}") = "Sample_SkyBox", "Samples\SkyBox\Sample_SkyBox.vcproj", "{04F75EB6-8D10-4FF4-A198-64D0A78CF684}"
	ProjectSection(ProjectDependencies) = postProject
	EndProjectSection
EndProject
Project("{8BC9CEB8-8B4A-11D0-8D11-00A0C91BC942}") = "Sample_SkyDome", "Samples\SkyDome\Sample_SkyDome.vcproj", "{E226ACB5-23D7-4B07-8D4D-1E810CA2CA54}"
	ProjectSection(ProjectDependencies) = postProject
	EndProjectSection
EndProject
Project("{8BC9CEB8-8B4A-11D0-8D11-00A0C91BC942}") = "Sample_SkyPlane", "Samples\SkyPlane\Sample_SkyPlane.vcproj", "{25A102D7-A4C1-4BE8-AF99-8D839DA1D1FF}"
	ProjectSection(ProjectDependencies) = postProject
	EndProjectSection
EndProject
Project("{8BC9CEB8-8B4A-11D0-8D11-00A0C91BC942}") = "Sample_Smoke", "Samples\Smoke\Sample_Smoke.vcproj", "{CAAF1BEB-B980-4DC7-AF08-8AF7CF657E8C}"
	ProjectSection(ProjectDependencies) = postProject
	EndProjectSection
EndProject
Project("{8BC9CEB8-8B4A-11D0-8D11-00A0C91BC942}") = "Sample_SphereMapping", "Samples\SphereMapping\Sample_SphereMapping.vcproj", "{8DD14648-D576-4301-A40C-F812262B160F}"
	ProjectSection(ProjectDependencies) = postProject
	EndProjectSection
EndProject
Project("{8BC9CEB8-8B4A-11D0-8D11-00A0C91BC942}") = "Sample_Terrain", "Samples\Terrain\Sample_Terrain.vcproj", "{6EE1CEAB-DC79-415E-B643-74BF8E34D93B}"
	ProjectSection(ProjectDependencies) = postProject
	EndProjectSection
EndProject
Project("{8BC9CEB8-8B4A-11D0-8D11-00A0C91BC942}") = "Sample_Tesselation", "Samples\Tesselation\Sample_Tesselation.vcproj", "{6FDFB393-AFDB-4D85-90BD-482CA058602C}"
	ProjectSection(ProjectDependencies) = postProject
	EndProjectSection
EndProject
Project("{8BC9CEB8-8B4A-11D0-8D11-00A0C91BC942}") = "Sample_TextureArray", "Samples\TextureArray\Sample_TextureArray.vcproj", "{E58691BC-ACBF-4984-BB1A-9DC4E7CF4897}"
	ProjectSection(ProjectDependencies) = postProject
	EndProjectSection
EndProject
Project("{8BC9CEB8-8B4A-11D0-8D11-00A0C91BC942}") = "Sample_TextureFX", "Samples\TextureFX\Sample_TextureFX.vcproj", "{948207D5-7FB6-45C7-AE40-EC6DAEC5FCC0}"
	ProjectSection(ProjectDependencies) = postProject
	EndProjectSection
EndProject
Project("{8BC9CEB8-8B4A-11D0-8D11-00A0C91BC942}") = "Sample_Transparency", "Samples\Transparency\Sample_Transparency.vcproj", "{37AC2B51-8091-47A9-9B55-EAE83DD27C52}"
	ProjectSection(ProjectDependencies) = postProject
	EndProjectSection
EndProject
Project("{8BC9CEB8-8B4A-11D0-8D11-00A0C91BC942}") = "Sample_VolumeCSG", "Samples\VolumeCSG\Sample_VolumeCSG.vcproj", "{45BB87B0-39A7-4971-9DA0-8159F34938B9}"
	ProjectSection(ProjectDependencies) = postProject
	EndProjectSection
EndProject
Project("{8BC9CEB8-8B4A-11D0-8D11-00A0C91BC942}") = "Sample_VolumeTerrain", "Samples\VolumeTerrain\Sample_VolumeTerrain.vcproj", "{1529B089-B3CA-4663-BDC6-FBB24B356D24}"
	ProjectSection(ProjectDependencies) = postProject
	EndProjectSection
EndProject
Project("{8BC9CEB8-8B4A-11D0-8D11-00A0C91BC942}") = "Sample_VolumeTex", "Samples\VolumeTex\Sample_VolumeTex.vcproj", "{2FE043FB-91A5-4FAE-92B8-5D51588A261E}"
	ProjectSection(ProjectDependencies) = postProject
	EndProjectSection
EndProject
Project("{8BC9CEB8-8B4A-11D0-8D11-00A0C91BC942}") = "Sample_Water", "Samples\Water\Sample_Water.vcproj", "{9DF69CBC-7EB9-41A2-AB4E-FAF5A0CDBA86}"
	ProjectSection(ProjectDependencies) = postProject
	EndProjectSection
EndProject
Global
	GlobalSection(SolutionConfigurationPlatforms) = preSolution
		Debug|Win32 = Debug|Win32
		Release|Win32 = Release|Win32
	EndGlobalSection
	GlobalSection(ProjectConfigurationPlatforms) = postSolution
		{E9B51035-B8F0-4248-8F84-D5CD80F5BCF2}.Debug|Win32.ActiveCfg = Debug|Win32
		{E9B51035-B8F0-4248-8F84-D5CD80F5BCF2}.Release|Win32.ActiveCfg = Release|Win32
		{EE228520-5BCB-4833-B530-1425D0E2B9D2}.Debug|Win32.ActiveCfg = Debug|Win32
		{EE228520-5BCB-4833-B530-1425D0E2B9D2}.Debug|Win32.Build.0 = Debug|Win32
		{EE228520-5BCB-4833-B530-1425D0E2B9D2}.Release|Win32.ActiveCfg = Release|Win32
		{EE228520-5BCB-4833-B530-1425D0E2B9D2}.Release|Win32.Build.0 = Release|Win32
		{74B5B2BA-1271-4650-933A-005242199CDD}.Debug|Win32.ActiveCfg = Debug|Win32
		{74B5B2BA-1271-4650-933A-005242199CDD}.Debug|Win32.Build.0 = Debug|Win32
		{74B5B2BA-1271-4650-933A-005242199CDD}.Release|Win32.ActiveCfg = Release|Win32
		{74B5B2BA-1271-4650-933A-005242199CDD}.Release|Win32.Build.0 = Release|Win32
		{216B11BE-600D-45E3-BC9E-DD6A596E2F15}.Debug|Win32.ActiveCfg = Debug|Win32
		{216B11BE-600D-45E3-BC9E-DD6A596E2F15}.Debug|Win32.Build.0 = Debug|Win32
		{216B11BE-600D-45E3-BC9E-DD6A596E2F15}.Release|Win32.ActiveCfg = Release|Win32
		{216B11BE-600D-45E3-BC9E-DD6A596E2F15}.Release|Win32.Build.0 = Release|Win32
		{8CB5968F-2CD9-4F5C-B2CB-E66F06377239}.Debug|Win32.ActiveCfg = Debug|Win32
		{8CB5968F-2CD9-4F5C-B2CB-E66F06377239}.Debug|Win32.Build.0 = Debug|Win32
		{8CB5968F-2CD9-4F5C-B2CB-E66F06377239}.Release|Win32.ActiveCfg = Release|Win32
		{8CB5968F-2CD9-4F5C-B2CB-E66F06377239}.Release|Win32.Build.0 = Release|Win32
		{09C91131-EA90-4C9C-98B5-5C4641FF70E0}.Debug|Win32.ActiveCfg = Debug|Win32
		{09C91131-EA90-4C9C-98B5-5C4641FF70E0}.Debug|Win32.Build.0 = Debug|Win32
		{09C91131-EA90-4C9C-98B5-5C4641FF70E0}.Release|Win32.ActiveCfg = Release|Win32
		{09C91131-EA90-4C9C-98B5-5C4641FF70E0}.Release|Win32.Build.0 = Release|Win32
		{BAC14932-0A02-4DCC-8F83-2E39B220DBAC}.Debug|Win32.ActiveCfg = Debug|Win32
		{BAC14932-0A02-4DCC-8F83-2E39B220DBAC}.Debug|Win32.Build.0 = Debug|Win32
		{BAC14932-0A02-4DCC-8F83-2E39B220DBAC}.Release|Win32.ActiveCfg = Release|Win32
		{BAC14932-0A02-4DCC-8F83-2E39B220DBAC}.Release|Win32.Build.0 = Release|Win32
		{4B129D4B-C2C0-4F41-9A74-C409D7E5230B}.Debug|Win32.ActiveCfg = Debug|Win32
		{4B129D4B-C2C0-4F41-9A74-C409D7E5230B}.Debug|Win32.Build.0 = Debug|Win32
		{4B129D4B-C2C0-4F41-9A74-C409D7E5230B}.Release|Win32.ActiveCfg = Release|Win32
		{4B129D4B-C2C0-4F41-9A74-C409D7E5230B}.Release|Win32.Build.0 = Release|Win32
		{300B687C-5F2A-46C6-AAA9-1D77425C6921}.Debug|Win32.ActiveCfg = Debug|Win32
		{300B687C-5F2A-46C6-AAA9-1D77425C6921}.Debug|Win32.Build.0 = Debug|Win32
		{300B687C-5F2A-46C6-AAA9-1D77425C6921}.Release|Win32.ActiveCfg = Release|Win32
		{300B687C-5F2A-46C6-AAA9-1D77425C6921}.Release|Win32.Build.0 = Release|Win32
		{AE10BC71-0C43-4469-8A0C-2EB5CA4EE2BE}.Debug|Win32.ActiveCfg = Debug|Win32
		{AE10BC71-0C43-4469-8A0C-2EB5CA4EE2BE}.Debug|Win32.Build.0 = Debug|Win32
		{AE10BC71-0C43-4469-8A0C-2EB5CA4EE2BE}.Release|Win32.ActiveCfg = Release|Win32
		{AE10BC71-0C43-4469-8A0C-2EB5CA4EE2BE}.Release|Win32.Build.0 = Release|Win32
		{6E33CF72-732B-4B00-B8AE-C3E167B93173}.Debug|Win32.ActiveCfg = Debug|Win32
		{6E33CF72-732B-4B00-B8AE-C3E167B93173}.Debug|Win32.Build.0 = Debug|Win32
		{6E33CF72-732B-4B00-B8AE-C3E167B93173}.Release|Win32.ActiveCfg = Release|Win32
		{6E33CF72-732B-4B00-B8AE-C3E167B93173}.Release|Win32.Build.0 = Release|Win32
		{6B3D1C1B-B845-450B-9910-AFC8FF2FFC96}.Debug|Win32.ActiveCfg = Debug|Win32
		{6B3D1C1B-B845-450B-9910-AFC8FF2FFC96}.Debug|Win32.Build.0 = Debug|Win32
		{6B3D1C1B-B845-450B-9910-AFC8FF2FFC96}.Release|Win32.ActiveCfg = Release|Win32
		{6B3D1C1B-B845-450B-9910-AFC8FF2FFC96}.Release|Win32.Build.0 = Release|Win32
		{000CC0E4-DE32-4893-935E-F4D641BE25EA}.Debug|Win32.ActiveCfg = Debug|Win32
		{000CC0E4-DE32-4893-935E-F4D641BE25EA}.Debug|Win32.Build.0 = Debug|Win32
		{000CC0E4-DE32-4893-935E-F4D641BE25EA}.Release|Win32.ActiveCfg = Release|Win32
		{000CC0E4-DE32-4893-935E-F4D641BE25EA}.Release|Win32.Build.0 = Release|Win32
		{A804174E-EDAA-4B03-9875-DBE9FA64F41C}.Debug|Win32.ActiveCfg = Debug|Win32
		{A804174E-EDAA-4B03-9875-DBE9FA64F41C}.Debug|Win32.Build.0 = Debug|Win32
		{A804174E-EDAA-4B03-9875-DBE9FA64F41C}.Release|Win32.ActiveCfg = Release|Win32
		{A804174E-EDAA-4B03-9875-DBE9FA64F41C}.Release|Win32.Build.0 = Release|Win32
		{C90C561A-2FF3-449D-8239-EFEA2ED7E583}.Debug|Win32.ActiveCfg = Debug|Win32
		{C90C561A-2FF3-449D-8239-EFEA2ED7E583}.Debug|Win32.Build.0 = Debug|Win32
		{C90C561A-2FF3-449D-8239-EFEA2ED7E583}.Release|Win32.ActiveCfg = Release|Win32
		{C90C561A-2FF3-449D-8239-EFEA2ED7E583}.Release|Win32.Build.0 = Release|Win32
		{A3AE46F5-30CB-486F-A3F8-26F2269F63B3}.Debug|Win32.ActiveCfg = Debug|Win32
		{A3AE46F5-30CB-486F-A3F8-26F2269F63B3}.Debug|Win32.Build.0 = Debug|Win32
		{A3AE46F5-30CB-486F-A3F8-26F2269F63B3}.Release|Win32.ActiveCfg = Release|Win32
		{A3AE46F5-30CB-486F-A3F8-26F2269F63B3}.Release|Win32.Build.0 = Release|Win32
		{03D5B1A2-2F15-4DE5-BD7B-B0EDB6E86BE2}.Debug|Win32.ActiveCfg = Debug|Win32
		{03D5B1A2-2F15-4DE5-BD7B-B0EDB6E86BE2}.Debug|Win32.Build.0 = Debug|Win32
		{03D5B1A2-2F15-4DE5-BD7B-B0EDB6E86BE2}.Release|Win32.ActiveCfg = Release|Win32
		{03D5B1A2-2F15-4DE5-BD7B-B0EDB6E86BE2}.Release|Win32.Build.0 = Release|Win32
		{A5850488-AE7E-4531-9912-D9F309079AEB}.Debug|Win32.ActiveCfg = Debug|Win32
		{A5850488-AE7E-4531-9912-D9F309079AEB}.Debug|Win32.Build.0 = Debug|Win32
		{A5850488-AE7E-4531-9912-D9F309079AEB}.Release|Win32.ActiveCfg = Release|Win32
		{A5850488-AE7E-4531-9912-D9F309079AEB}.Release|Win32.Build.0 = Release|Win32
		{CC7CC278-F4D1-44B3-BEF7-BB7399CBF81D}.Debug|Win32.ActiveCfg = Debug|Win32
		{CC7CC278-F4D1-44B3-BEF7-BB7399CBF81D}.Debug|Win32.Build.0 = Debug|Win32
		{CC7CC278-F4D1-44B3-BEF7-BB7399CBF81D}.Release|Win32.ActiveCfg = Release|Win32
		{CC7CC278-F4D1-44B3-BEF7-BB7399CBF81D}.Release|Win32.Build.0 = Release|Win32
		{2C6A2331-BEE3-4A5D-84F3-875910B74DED}.Debug|Win32.ActiveCfg = Debug|Win32
		{2C6A2331-BEE3-4A5D-84F3-875910B74DED}.Debug|Win32.Build.0 = Debug|Win32
		{2C6A2331-BEE3-4A5D-84F3-875910B74DED}.Release|Win32.ActiveCfg = Release|Win32
		{2C6A2331-BEE3-4A5D-84F3-875910B74DED}.Release|Win32.Build.0 = Release|Win32
		{2917BB7A-D8D7-4CC5-81D8-96476455C11B}.Debug|Win32.ActiveCfg = Debug|Win32
		{2917BB7A-D8D7-4CC5-81D8-96476455C11B}.Debug|Win32.Build.0 = Debug|Win32
		{2917BB7A-D8D7-4CC5-81D8-96476455C11B}.Release|Win32.ActiveCfg = Release|Win32
		{2917BB7A-D8D7-4CC5-81D8-96476455C11B}.Release|Win32.Build.0 = Release|Win32
		{3115584B-675F-4135-B376-8F323319D223}.Debug|Win32.ActiveCfg = Debug|Win32
		{3115584B-675F-4135-B376-8F323319D223}.Debug|Win32.Build.0 = Debug|Win32
		{3115584B-675F-4135-B376-8F323319D223}.Release|Win32.ActiveCfg = Release|Win32
		{3115584B-675F-4135-B376-8F323319D223}.Release|Win32.Build.0 = Release|Win32
		{377522D1-3131-4569-A972-A43FC05D961E}.Debug|Win32.ActiveCfg = Debug|Win32
		{377522D1-3131-4569-A972-A43FC05D961E}.Debug|Win32.Build.0 = Debug|Win32
		{377522D1-3131-4569-A972-A43FC05D961E}.Release|Win32.ActiveCfg = Release|Win32
		{377522D1-3131-4569-A972-A43FC05D961E}.Release|Win32.Build.0 = Release|Win32
		{70F77462-F98C-4B2E-825B-093D32A7840F}.Debug|Win32.ActiveCfg = Debug|Win32
		{70F77462-F98C-4B2E-825B-093D32A7840F}.Debug|Win32.Build.0 = Debug|Win32
		{70F77462-F98C-4B2E-825B-093D32A7840F}.Release|Win32.ActiveCfg = Release|Win32
		{70F77462-F98C-4B2E-825B-093D32A7840F}.Release|Win32.Build.0 = Release|Win32
		{86C27C7F-1135-4DFD-8B58-A045842787C7}.Debug|Win32.ActiveCfg = Debug|Win32
		{86C27C7F-1135-4DFD-8B58-A045842787C7}.Debug|Win32.Build.0 = Debug|Win32
		{86C27C7F-1135-4DFD-8B58-A045842787C7}.Release|Win32.ActiveCfg = Release|Win32
		{86C27C7F-1135-4DFD-8B58-A045842787C7}.Release|Win32.Build.0 = Release|Win32
		{C4A8AE3A-95A9-4ECA-85E8-8051F95C3A6D}.Debug|Win32.ActiveCfg = Debug|Win32
		{C4A8AE3A-95A9-4ECA-85E8-8051F95C3A6D}.Debug|Win32.Build.0 = Debug|Win32
		{C4A8AE3A-95A9-4ECA-85E8-8051F95C3A6D}.Release|Win32.ActiveCfg = Release|Win32
		{C4A8AE3A-95A9-4ECA-85E8-8051F95C3A6D}.Release|Win32.Build.0 = Release|Win32
		{8C947D32-87BB-4A3B-93AB-76CC94263F64}.Debug|Win32.ActiveCfg = Debug|Win32
		{8C947D32-87BB-4A3B-93AB-76CC94263F64}.Debug|Win32.Build.0 = Debug|Win32
		{8C947D32-87BB-4A3B-93AB-76CC94263F64}.Release|Win32.ActiveCfg = Release|Win32
		{8C947D32-87BB-4A3B-93AB-76CC94263F64}.Release|Win32.Build.0 = Release|Win32
		{3CE3391D-2B69-49B0-BF50-E07898FCA560}.Debug|Win32.ActiveCfg = Debug|Win32
		{3CE3391D-2B69-49B0-BF50-E07898FCA560}.Debug|Win32.Build.0 = Debug|Win32
		{3CE3391D-2B69-49B0-BF50-E07898FCA560}.Release|Win32.ActiveCfg = Release|Win32
		{3CE3391D-2B69-49B0-BF50-E07898FCA560}.Release|Win32.Build.0 = Release|Win32
		{3E1109C5-E3A9-485A-9030-F2B774517830}.Debug|Win32.ActiveCfg = Debug|Win32
		{3E1109C5-E3A9-485A-9030-F2B774517830}.Debug|Win32.Build.0 = Debug|Win32
		{3E1109C5-E3A9-485A-9030-F2B774517830}.Release|Win32.ActiveCfg = Release|Win32
		{3E1109C5-E3A9-485A-9030-F2B774517830}.Release|Win32.Build.0 = Release|Win32
		{A50109DC-6DC0-449C-9836-14A67088069B}.Debug|Win32.ActiveCfg = Debug|Win32
		{A50109DC-6DC0-449C-9836-14A67088069B}.Debug|Win32.Build.0 = Debug|Win32
		{A50109DC-6DC0-449C-9836-14A67088069B}.Release|Win32.ActiveCfg = Release|Win32
		{A50109DC-6DC0-449C-9836-14A67088069B}.Release|Win32.Build.0 = Release|Win32
		{563586F1-7FFC-47DF-B0AD-28FF7986C957}.Debug|Win32.ActiveCfg = Debug|Win32
		{563586F1-7FFC-47DF-B0AD-28FF7986C957}.Debug|Win32.Build.0 = Debug|Win32
		{563586F1-7FFC-47DF-B0AD-28FF7986C957}.Release|Win32.ActiveCfg = Release|Win32
		{563586F1-7FFC-47DF-B0AD-28FF7986C957}.Release|Win32.Build.0 = Release|Win32
		{1E23C276-ACC2-4A08-9087-4EE0AFDA5510}.Debug|Win32.ActiveCfg = Debug|Win32
		{1E23C276-ACC2-4A08-9087-4EE0AFDA5510}.Debug|Win32.Build.0 = Debug|Win32
		{1E23C276-ACC2-4A08-9087-4EE0AFDA5510}.Release|Win32.ActiveCfg = Release|Win32
		{1E23C276-ACC2-4A08-9087-4EE0AFDA5510}.Release|Win32.Build.0 = Release|Win32
		{04F75EB6-8D10-4FF4-A198-64D0A78CF684}.Debug|Win32.ActiveCfg = Debug|Win32
		{04F75EB6-8D10-4FF4-A198-64D0A78CF684}.Debug|Win32.Build.0 = Debug|Win32
		{04F75EB6-8D10-4FF4-A198-64D0A78CF684}.Release|Win32.ActiveCfg = Release|Win32
		{04F75EB6-8D10-4FF4-A198-64D0A78CF684}.Release|Win32.Build.0 = Release|Win32
		{E226ACB5-23D7-4B07-8D4D-1E810CA2CA54}.Debug|Win32.ActiveCfg = Debug|Win32
		{E226ACB5-23D7-4B07-8D4D-1E810CA2CA54}.Debug|Win32.Build.0 = Debug|Win32
		{E226ACB5-23D7-4B07-8D4D-1E810CA2CA54}.Release|Win32.ActiveCfg = Release|Win32
		{E226ACB5-23D7-4B07-8D4D-1E810CA2CA54}.Release|Win32.Build.0 = Release|Win32
		{25A102D7-A4C1-4BE8-AF99-8D839DA1D1FF}.Debug|Win32.ActiveCfg = Debug|Win32
		{25A102D7-A4C1-4BE8-AF99-8D839DA1D1FF}.Debug|Win32.Build.0 = Debug|Win32
		{25A102D7-A4C1-4BE8-AF99-8D839DA1D1FF}.Release|Win32.ActiveCfg = Release|Win32
		{25A102D7-A4C1-4BE8-AF99-8D839DA1D1FF}.Release|Win32.Build.0 = Release|Win32
		{CAAF1BEB-B980-4DC7-AF08-8AF7CF657E8C}.Debug|Win32.ActiveCfg = Debug|Win32
		{CAAF1BEB-B980-4DC7-AF08-8AF7CF657E8C}.Debug|Win32.Build.0 = Debug|Win32
		{CAAF1BEB-B980-4DC7-AF08-8AF7CF657E8C}.Release|Win32.ActiveCfg = Release|Win32
		{CAAF1BEB-B980-4DC7-AF08-8AF7CF657E8C}.Release|Win32.Build.0 = Release|Win32
		{8DD14648-D576-4301-A40C-F812262B160F}.Debug|Win32.ActiveCfg = Debug|Win32
		{8DD14648-D576-4301-A40C-F812262B160F}.Debug|Win32.Build.0 = Debug|Win32
		{8DD14648-D576-4301-A40C-F812262B160F}.Release|Win32.ActiveCfg = Release|Win32
		{8DD14648-D576-4301-A40C-F812262B160F}.Release|Win32.Build.0 = Release|Win32
		{6EE1CEAB-DC79-415E-B643-74BF8E34D93B}.Debug|Win32.ActiveCfg = Debug|Win32
		{6EE1CEAB-DC79-415E-B643-74BF8E34D93B}.Debug|Win32.Build.0 = Debug|Win32
		{6EE1CEAB-DC79-415E-B643-74BF8E34D93B}.Release|Win32.ActiveCfg = Release|Win32
		{6EE1CEAB-DC79-415E-B643-74BF8E34D93B}.Release|Win32.Build.0 = Release|Win32
		{6FDFB393-AFDB-4D85-90BD-482CA058602C}.Debug|Win32.ActiveCfg = Debug|Win32
		{6FDFB393-AFDB-4D85-90BD-482CA058602C}.Debug|Win32.Build.0 = Debug|Win32
		{6FDFB393-AFDB-4D85-90BD-482CA058602C}.Release|Win32.ActiveCfg = Release|Win32
		{6FDFB393-AFDB-4D85-90BD-482CA058602C}.Release|Win32.Build.0 = Release|Win32
		{E58691BC-ACBF-4984-BB1A-9DC4E7CF4897}.Debug|Win32.ActiveCfg = Debug|Win32
		{E58691BC-ACBF-4984-BB1A-9DC4E7CF4897}.Debug|Win32.Build.0 = Debug|Win32
		{E58691BC-ACBF-4984-BB1A-9DC4E7CF4897}.Release|Win32.ActiveCfg = Release|Win32
		{E58691BC-ACBF-4984-BB1A-9DC4E7CF4897}.Release|Win32.Build.0 = Release|Win32
		{948207D5-7FB6-45C7-AE40-EC6DAEC5FCC0}.Debug|Win32.ActiveCfg = Debug|Win32
		{948207D5-7FB6-45C7-AE40-EC6DAEC5FCC0}.Debug|Win32.Build.0 = Debug|Win32
		{948207D5-7FB6-45C7-AE40-EC6DAEC5FCC0}.Release|Win32.ActiveCfg = Release|Win32
		{948207D5-7FB6-45C7-AE40-EC6DAEC5FCC0}.Release|Win32.Build.0 = Release|Win32
		{37AC2B51-8091-47A9-9B55-EAE83DD27C52}.Debug|Win32.ActiveCfg = Debug|Win32
		{37AC2B51-8091-47A9-9B55-EAE83DD27C52}.Debug|Win32.Build.0 = Debug|Win32
		{37AC2B51-8091-47A9-9B55-EAE83DD27C52}.Release|Win32.ActiveCfg = Release|Win32
		{37AC2B51-8091-47A9-9B55-EAE83DD27C52}.Release|Win32.Build.0 = Release|Win32
		{45BB87B0-39A7-4971-9DA0-8159F34938B9}.Debug|Win32.ActiveCfg = Debug|Win32
		{45BB87B0-39A7-4971-9DA0-8159F34938B9}.Debug|Win32.Build.0 = Debug|Win32
		{45BB87B0-39A7-4971-9DA0-8159F34938B9}.Release|Win32.ActiveCfg = Release|Win32
		{45BB87B0-39A7-4971-9DA0-8159F34938B9}.Release|Win32.Build.0 = Release|Win32
		{1529B089-B3CA-4663-BDC6-FBB24B356D24}.Debug|Win32.ActiveCfg = Debug|Win32
		{1529B089-B3CA-4663-BDC6-FBB24B356D24}.Debug|Win32.Build.0 = Debug|Win32
		{1529B089-B3CA-4663-BDC6-FBB24B356D24}.Release|Win32.ActiveCfg = Release|Win32
		{1529B089-B3CA-4663-BDC6-FBB24B356D24}.Release|Win32.Build.0 = Release|Win32
		{2FE043FB-91A5-4FAE-92B8-5D51588A261E}.Debug|Win32.ActiveCfg = Debug|Win32
		{2FE043FB-91A5-4FAE-92B8-5D51588A261E}.Debug|Win32.Build.0 = Debug|Win32
		{2FE043FB-91A5-4FAE-92B8-5D51588A261E}.Release|Win32.ActiveCfg = Release|Win32
		{2FE043FB-91A5-4FAE-92B8-5D51588A261E}.Release|Win32.Build.0 = Release|Win32
		{9DF69CBC-7EB9-41A2-AB4E-FAF5A0CDBA86}.Debug|Win32.ActiveCfg = Debug|Win32
		{9DF69CBC-7EB9-41A2-AB4E-FAF5A0CDBA86}.Debug|Win32.Build.0 = Debug|Win32
		{9DF69CBC-7EB9-41A2-AB4E-FAF5A0CDBA86}.Release|Win32.ActiveCfg = Release|Win32
		{9DF69CBC-7EB9-41A2-AB4E-FAF5A0CDBA86}.Release|Win32.Build.0 = Release|Win32
	EndGlobalSection
	GlobalSection(ExtensibilityGlobals) = postSolution
	EndGlobalSection
	GlobalSection(ExtensibilityAddIns) = postSolution
	EndGlobalSection
EndGlobal
