<?xml version="1.0" encoding="utf-8"?>
<Project ToolsVersion="4.0" xmlns="http://schemas.microsoft.com/developer/msbuild/2003">
  <ItemGroup>
    <Filter Include="Source Files">
      <UniqueIdentifier>{76dc493a-4f98-4c5a-99d1-a989505a189e}</UniqueIdentifier>
    </Filter>
    <Filter Include="Source Files\api">
      <UniqueIdentifier>{e85b3b45-d265-4920-b189-2faa6b72853c}</UniqueIdentifier>
    </Filter>
    <Filter Include="Source Files\file">
      <UniqueIdentifier>{84e9b3f1-bbe6-4ee6-bc9e-8febc956e557}</UniqueIdentifier>
    </Filter>
    <Filter Include="Source Files\socket">
      <UniqueIdentifier>{cf47e90d-f40f-4ada-9816-54fc27591997}</UniqueIdentifier>
    </Filter>
    <Filter Include="Source Files\base">
      <UniqueIdentifier>{8dd4c071-afdf-44f1-9d9e-0ee53a0fffe8}</UniqueIdentifier>
    </Filter>
    <Filter Include="Header Files">
      <UniqueIdentifier>{9e1ac852-3798-4d8a-b304-ed64d2517237}</UniqueIdentifier>
    </Filter>
    <Filter Include="Header Files\api">
      <UniqueIdentifier>{95e3e3e3-c896-4455-8245-7ddeba10f618}</UniqueIdentifier>
    </Filter>
    <Filter Include="Header Files\base">
      <UniqueIdentifier>{41513dd7-487f-4411-9c1f-d6fc3e872055}</UniqueIdentifier>
    </Filter>
    <Filter Include="Header Files\file">
      <UniqueIdentifier>{fff37223-5016-48a8-a8e7-fb12163127cb}</UniqueIdentifier>
    </Filter>
    <Filter Include="Header Files\socket">
      <UniqueIdentifier>{edf8176a-76b1-4db6-a39f-7e5b5fa79aae}</UniqueIdentifier>
    </Filter>
  </ItemGroup>
  <ItemGroup>
    <ClCompile Include="..\src\api\vnet.c">
      <Filter>Source Files\api</Filter>
    </ClCompile>
    <ClCompile Include="..\src\file\api.c">
      <Filter>Source Files\file</Filter>
    </ClCompile>
    <ClCompile Include="..\src\socket\api.c">
      <Filter>Source Files\socket</Filter>
    </ClCompile>
    <ClCompile Include="..\src\socket\base.c">
      <Filter>Source Files\socket</Filter>
    </ClCompile>
    <ClCompile Include="..\src\socket\endecode.c">
      <Filter>Source Files\socket</Filter>
    </ClCompile>
    <ClCompile Include="..\src\socket\inputstream.c">
      <Filter>Source Files\socket</Filter>
    </ClCompile>
    <ClCompile Include="..\src\socket\outputstream.c">
      <Filter>Source Files\socket</Filter>
    </ClCompile>
    <ClCompile Include="..\src\base\io.c">
      <Filter>Source Files\base</Filter>
    </ClCompile>
  </ItemGroup>
  <ItemGroup>
    <ClInclude Include="..\include\api\vnet.h">
      <Filter>Header Files\api</Filter>
    </ClInclude>
    <ClInclude Include="..\include\api\vnetapi.h">
      <Filter>Header Files\api</Filter>
    </ClInclude>
    <ClInclude Include="..\include\api\vnetconf.h">
      <Filter>Header Files\api</Filter>
    </ClInclude>
    <ClInclude Include="..\include\api\vnetlib.h">
      <Filter>Header Files\api</Filter>
    </ClInclude>
    <ClInclude Include="..\include\base\io.h">
      <Filter>Header Files\base</Filter>
    </ClInclude>
    <ClInclude Include="..\include\base\type.h">
      <Filter>Header Files\base</Filter>
    </ClInclude>
    <ClInclude Include="..\include\file\api.h">
      <Filter>Header Files\file</Filter>
    </ClInclude>
    <ClInclude Include="..\include\file\config.h">
      <Filter>Header Files\file</Filter>
    </ClInclude>
    <ClInclude Include="..\include\socket\api.h">
      <Filter>Header Files\socket</Filter>
    </ClInclude>
    <ClInclude Include="..\include\socket\base.h">
      <Filter>Header Files\socket</Filter>
    </ClInclude>
    <ClInclude Include="..\include\socket\config.h">
      <Filter>Header Files\socket</Filter>
    </ClInclude>
    <ClInclude Include="..\include\socket\endecode.h">
      <Filter>Header Files\socket</Filter>
    </ClInclude>
    <ClInclude Include="..\include\socket\inputstream.h">
      <Filter>Header Files\socket</Filter>
    </ClInclude>
    <ClInclude Include="..\include\socket\outputstream.h">
      <Filter>Header Files\socket</Filter>
    </ClInclude>
  </ItemGroup>
</Project>